// !$*UTF8*$!
{
	archiveVersion = 1;
	classes = {
	};
	objectVersion = 56;
	objects = {

/* Begin PBXBuildFile section */
		E3D9E1212BBE2632002D4D97 /* AppDelegate.swift in Sources */ = {isa = PBXBuildFile; fileRef = E3D9E1202BBE2632002D4D97 /* AppDelegate.swift */; };
		E3D9E1232BBE2632002D4D97 /* SceneDelegate.swift in Sources */ = {isa = PBXBuildFile; fileRef = E3D9E1222BBE2632002D4D97 /* SceneDelegate.swift */; };
		E3D9E1252BBE2632002D4D97 /* ViewController.swift in Sources */ = {isa = PBXBuildFile; fileRef = E3D9E1242BBE2632002D4D97 /* ViewController.swift */; };
		E3D9E1282BBE2632002D4D97 /* Base in Resources */ = {isa = PBXBuildFile; fileRef = E3D9E1272BBE2632002D4D97 /* Base */; };
		E3D9E12A2BBE2633002D4D97 /* Assets.xcassets in Resources */ = {isa = PBXBuildFile; fileRef = E3D9E1292BBE2633002D4D97 /* Assets.xcassets */; };
		E3D9E12D2BBE2633002D4D97 /* Base in Resources */ = {isa = PBXBuildFile; fileRef = E3D9E12C2BBE2633002D4D97 /* Base */; };
		E3D9E1382BBE2633002D4D97 /* pickerViewTests.swift in Sources */ = {isa = PBXBuildFile; fileRef = E3D9E1372BBE2633002D4D97 /* pickerViewTests.swift */; };
		E3D9E1422BBE2633002D4D97 /* pickerViewUITests.swift in Sources */ = {isa = PBXBuildFile; fileRef = E3D9E1412BBE2633002D4D97 /* pickerViewUITests.swift */; };
		E3D9E1442BBE2633002D4D97 /* pickerViewUITestsLaunchTests.swift in Sources */ = {isa = PBXBuildFile; fileRef = E3D9E1432BBE2633002D4D97 /* pickerViewUITestsLaunchTests.swift */; };
		E3D9E15B2BBE2B54002D4D97 /* 9.jpg in Resources */ = {isa = PBXBuildFile; fileRef = E3D9E1512BBE2B54002D4D97 /* 9.jpg */; };
		E3D9E15C2BBE2B54002D4D97 /* 2.jpg in Resources */ = {isa = PBXBuildFile; fileRef = E3D9E1522BBE2B54002D4D97 /* 2.jpg */; };
		E3D9E15D2BBE2B54002D4D97 /* 1.jpg in Resources */ = {isa = PBXBuildFile; fileRef = E3D9E1532BBE2B54002D4D97 /* 1.jpg */; };
		E3D9E15E2BBE2B54002D4D97 /* 7.jpg in Resources */ = {isa = PBXBuildFile; fileRef = E3D9E1542BBE2B54002D4D97 /* 7.jpg */; };
		E3D9E15F2BBE2B54002D4D97 /* 5.jpg in Resources */ = {isa = PBXBuildFile; fileRef = E3D9E1552BBE2B54002D4D97 /* 5.jpg */; };
		E3D9E1602BBE2B54002D4D97 /* 4.jpg in Resources */ = {isa = PBXBuildFile; fileRef = E3D9E1562BBE2B54002D4D97 /* 4.jpg */; };
		E3D9E1612BBE2B54002D4D97 /* 3.jpg in Resources */ = {isa = PBXBuildFile; fileRef = E3D9E1572BBE2B54002D4D97 /* 3.jpg */; };
		E3D9E1622BBE2B54002D4D97 /* 8.jpg in Resources */ = {isa = PBXBuildFile; fileRef = E3D9E1582BBE2B54002D4D97 /* 8.jpg */; };
		E3D9E1632BBE2B54002D4D97 /* 10.jpg in Resources */ = {isa = PBXBuildFile; fileRef = E3D9E1592BBE2B54002D4D97 /* 10.jpg */; };
		E3D9E1642BBE2B54002D4D97 /* 6.jpg in Resources */ = {isa = PBXBuildFile; fileRef = E3D9E15A2BBE2B54002D4D97 /* 6.jpg */; };
/* End PBXBuildFile section */

/* Begin PBXContainerItemProxy section */
		E3D9E1342BBE2633002D4D97 /* PBXContainerItemProxy */ = {
			isa = PBXContainerItemProxy;
			containerPortal = E3D9E1152BBE2632002D4D97 /* Project object */;
			proxyType = 1;
			remoteGlobalIDString = E3D9E11C2BBE2632002D4D97;
			remoteInfo = pickerView;
		};
		E3D9E13E2BBE2633002D4D97 /* PBXContainerItemProxy */ = {
			isa = PBXContainerItemProxy;
			containerPortal = E3D9E1152BBE2632002D4D97 /* Project object */;
			proxyType = 1;
			remoteGlobalIDString = E3D9E11C2BBE2632002D4D97;
			remoteInfo = pickerView;
		};
/* End PBXContainerItemProxy section */

/* Begin PBXFileReference section */
		E3D9E11D2BBE2632002D4D97 /* pickerView.app */ = {isa = PBXFileReference; explicitFileType = wrapper.application; includeInIndex = 0; path = pickerView.app; sourceTree = BUILT_PRODUCTS_DIR; };
		E3D9E1202BBE2632002D4D97 /* AppDelegate.swift */ = {isa = PBXFileReference; lastKnownFileType = sourcecode.swift; path = AppDelegate.swift; sourceTree = "<group>"; };
		E3D9E1222BBE2632002D4D97 /* SceneDelegate.swift */ = {isa = PBXFileReference; lastKnownFileType = sourcecode.swift; path = SceneDelegate.swift; sourceTree = "<group>"; };
		E3D9E1242BBE2632002D4D97 /* ViewController.swift */ = {isa = PBXFileReference; lastKnownFileType = sourcecode.swift; path = ViewController.swift; sourceTree = "<group>"; };
		E3D9E1272BBE2632002D4D97 /* Base */ = {isa = PBXFileReference; lastKnownFileType = file.storyboard; name = Base; path = Base.lproj/Main.storyboard; sourceTree = "<group>"; };
		E3D9E1292BBE2633002D4D97 /* Assets.xcassets */ = {isa = PBXFileReference; lastKnownFileType = folder.assetcatalog; path = Assets.xcassets; sourceTree = "<group>"; };
		E3D9E12C2BBE2633002D4D97 /* Base */ = {isa = PBXFileReference; lastKnownFileType = file.storyboard; name = Base; path = Base.lproj/LaunchScreen.storyboard; sourceTree = "<group>"; };
		E3D9E12E2BBE2633002D4D97 /* Info.plist */ = {isa = PBXFileReference; lastKnownFileType = text.plist.xml; path = Info.plist; sourceTree = "<group>"; };
		E3D9E1332BBE2633002D4D97 /* pickerViewTests.xctest */ = {isa = PBXFileReference; explicitFileType = wrapper.cfbundle; includeInIndex = 0; path = pickerViewTests.xctest; sourceTree = BUILT_PRODUCTS_DIR; };
		E3D9E1372BBE2633002D4D97 /* pickerViewTests.swift */ = {isa = PBXFileReference; lastKnownFileType = sourcecode.swift; path = pickerViewTests.swift; sourceTree = "<group>"; };
		E3D9E13D2BBE2633002D4D97 /* pickerViewUITests.xctest */ = {isa = PBXFileReference; explicitFileType = wrapper.cfbundle; includeInIndex = 0; path = pickerViewUITests.xctest; sourceTree = BUILT_PRODUCTS_DIR; };
		E3D9E1412BBE2633002D4D97 /* pickerViewUITests.swift */ = {isa = PBXFileReference; lastKnownFileType = sourcecode.swift; path = pickerViewUITests.swift; sourceTree = "<group>"; };
		E3D9E1432BBE2633002D4D97 /* pickerViewUITestsLaunchTests.swift */ = {isa = PBXFileReference; lastKnownFileType = sourcecode.swift; path = pickerViewUITestsLaunchTests.swift; sourceTree = "<group>"; };
		E3D9E1512BBE2B54002D4D97 /* 9.jpg */ = {isa = PBXFileReference; lastKnownFileType = image.jpeg; name = 9.jpg; path = img/9.jpg; sourceTree = SOURCE_ROOT; };
		E3D9E1522BBE2B54002D4D97 /* 2.jpg */ = {isa = PBXFileReference; lastKnownFileType = image.jpeg; name = 2.jpg; path = img/2.jpg; sourceTree = SOURCE_ROOT; };
		E3D9E1532BBE2B54002D4D97 /* 1.jpg */ = {isa = PBXFileReference; lastKnownFileType = image.jpeg; name = 1.jpg; path = img/1.jpg; sourceTree = SOURCE_ROOT; };
		E3D9E1542BBE2B54002D4D97 /* 7.jpg */ = {isa = PBXFileReference; lastKnownFileType = image.jpeg; name = 7.jpg; path = img/7.jpg; sourceTree = SOURCE_ROOT; };
		E3D9E1552BBE2B54002D4D97 /* 5.jpg */ = {isa = PBXFileReference; lastKnownFileType = image.jpeg; name = 5.jpg; path = img/5.jpg; sourceTree = SOURCE_ROOT; };
		E3D9E1562BBE2B54002D4D97 /* 4.jpg */ = {isa = PBXFileReference; lastKnownFileType = image.jpeg; name = 4.jpg; path = img/4.jpg; sourceTree = SOURCE_ROOT; };
		E3D9E1572BBE2B54002D4D97 /* 3.jpg */ = {isa = PBXFileReference; lastKnownFileType = image.jpeg; name = 3.jpg; path = img/3.jpg; sourceTree = SOURCE_ROOT; };
		E3D9E1582BBE2B54002D4D97 /* 8.jpg */ = {isa = PBXFileReference; lastKnownFileType = image.jpeg; name = 8.jpg; path = img/8.jpg; sourceTree = SOURCE_ROOT; };
		E3D9E1592BBE2B54002D4D97 /* 10.jpg */ = {isa = PBXFileReference; lastKnownFileType = image.jpeg; name = 10.jpg; path = img/10.jpg; sourceTree = SOURCE_ROOT; };
		E3D9E15A2BBE2B54002D4D97 /* 6.jpg */ = {isa = PBXFileReference; lastKnownFileType = image.jpeg; name = 6.jpg; path = img/6.jpg; sourceTree = SOURCE_ROOT; };
/* End PBXFileReference section */

/* Begin PBXFrameworksBuildPhase section */
		E3D9E11A2BBE2632002D4D97 /* Frameworks */ = {
			isa = PBXFrameworksBuildPhase;
			buildActionMask = 2147483647;
			files = (
			);
			runOnlyForDeploymentPostprocessing = 0;
		};
		E3D9E1302BBE2633002D4D97 /* Frameworks */ = {
			isa = PBXFrameworksBuildPhase;
			buildActionMask = 2147483647;
			files = (
			);
			runOnlyForDeploymentPostprocessing = 0;
		};
		E3D9E13A2BBE2633002D4D97 /* Frameworks */ = {
			isa = PBXFrameworksBuildPhase;
			buildActionMask = 2147483647;
			files = (
			);
			runOnlyForDeploymentPostprocessing = 0;
		};
/* End PBXFrameworksBuildPhase section */

/* Begin PBXGroup section */
		E3D9E1142BBE2632002D4D97 = {
			isa = PBXGroup;
			children = (
				E3D9E11F2BBE2632002D4D97 /* pickerView */,
				E3D9E1362BBE2633002D4D97 /* pickerViewTests */,
				E3D9E1402BBE2633002D4D97 /* pickerViewUITests */,
				E3D9E11E2BBE2632002D4D97 /* Products */,
			);
			sourceTree = "<group>";
		};
		E3D9E11E2BBE2632002D4D97 /* Products */ = {
			isa = PBXGroup;
			children = (
				E3D9E11D2BBE2632002D4D97 /* pickerView.app */,
				E3D9E1332BBE2633002D4D97 /* pickerViewTests.xctest */,
				E3D9E13D2BBE2633002D4D97 /* pickerViewUITests.xctest */,
			);
			name = Products;
			sourceTree = "<group>";
		};
		E3D9E11F2BBE2632002D4D97 /* pickerView */ = {
			isa = PBXGroup;
			children = (
				E3D9E1502BBE2B2D002D4D97 /* img */,
				E3D9E1202BBE2632002D4D97 /* AppDelegate.swift */,
				E3D9E1222BBE2632002D4D97 /* SceneDelegate.swift */,
				E3D9E1242BBE2632002D4D97 /* ViewController.swift */,
				E3D9E1262BBE2632002D4D97 /* Main.storyboard */,
				E3D9E1292BBE2633002D4D97 /* Assets.xcassets */,
				E3D9E12B2BBE2633002D4D97 /* LaunchScreen.storyboard */,
				E3D9E12E2BBE2633002D4D97 /* Info.plist */,
			);
			path = pickerView;
			sourceTree = "<group>";
		};
		E3D9E1362BBE2633002D4D97 /* pickerViewTests */ = {
			isa = PBXGroup;
			children = (
				E3D9E1372BBE2633002D4D97 /* pickerViewTests.swift */,
			);
			path = pickerViewTests;
			sourceTree = "<group>";
		};
		E3D9E1402BBE2633002D4D97 /* pickerViewUITests */ = {
			isa = PBXGroup;
			children = (
				E3D9E1412BBE2633002D4D97 /* pickerViewUITests.swift */,
				E3D9E1432BBE2633002D4D97 /* pickerViewUITestsLaunchTests.swift */,
			);
			path = pickerViewUITests;
			sourceTree = "<group>";
		};
		E3D9E1502BBE2B2D002D4D97 /* img */ = {
			isa = PBXGroup;
			children = (
				E3D9E1532BBE2B54002D4D97 /* 1.jpg */,
				E3D9E1522BBE2B54002D4D97 /* 2.jpg */,
				E3D9E1572BBE2B54002D4D97 /* 3.jpg */,
				E3D9E1562BBE2B54002D4D97 /* 4.jpg */,
				E3D9E1552BBE2B54002D4D97 /* 5.jpg */,
				E3D9E15A2BBE2B54002D4D97 /* 6.jpg */,
				E3D9E1542BBE2B54002D4D97 /* 7.jpg */,
				E3D9E1582BBE2B54002D4D97 /* 8.jpg */,
				E3D9E1512BBE2B54002D4D97 /* 9.jpg */,
				E3D9E1592BBE2B54002D4D97 /* 10.jpg */,
			);
			path = img;
			sourceTree = "<group>";
		};
/* End PBXGroup section */

/* Begin PBXNativeTarget section */
		E3D9E11C2BBE2632002D4D97 /* pickerView */ = {
			isa = PBXNativeTarget;
			buildConfigurationList = E3D9E1472BBE2633002D4D97 /* Build configuration list for PBXNativeTarget "pickerView" */;
			buildPhases = (
				E3D9E1192BBE2632002D4D97 /* Sources */,
				E3D9E11A2BBE2632002D4D97 /* Frameworks */,
				E3D9E11B2BBE2632002D4D97 /* Resources */,
			);
			buildRules = (
			);
			dependencies = (
			);
			name = pickerView;
			productName = pickerView;
			productReference = E3D9E11D2BBE2632002D4D97 /* pickerView.app */;
			productType = "com.apple.product-type.application";
		};
		E3D9E1322BBE2633002D4D97 /* pickerViewTests */ = {
			isa = PBXNativeTarget;
			buildConfigurationList = E3D9E14A2BBE2633002D4D97 /* Build configuration list for PBXNativeTarget "pickerViewTests" */;
			buildPhases = (
				E3D9E12F2BBE2633002D4D97 /* Sources */,
				E3D9E1302BBE2633002D4D97 /* Frameworks */,
				E3D9E1312BBE2633002D4D97 /* Resources */,
			);
			buildRules = (
			);
			dependencies = (
				E3D9E1352BBE2633002D4D97 /* PBXTargetDependency */,
			);
			name = pickerViewTests;
			productName = pickerViewTests;
			productReference = E3D9E1332BBE2633002D4D97 /* pickerViewTests.xctest */;
			productType = "com.apple.product-type.bundle.unit-test";
		};
		E3D9E13C2BBE2633002D4D97 /* pickerViewUITests */ = {
			isa = PBXNativeTarget;
			buildConfigurationList = E3D9E14D2BBE2633002D4D97 /* Build configuration list for PBXNativeTarget "pickerViewUITests" */;
			buildPhases = (
				E3D9E1392BBE2633002D4D97 /* Sources */,
				E3D9E13A2BBE2633002D4D97 /* Frameworks */,
				E3D9E13B2BBE2633002D4D97 /* Resources */,
			);
			buildRules = (
			);
			dependencies = (
				E3D9E13F2BBE2633002D4D97 /* PBXTargetDependency */,
			);
			name = pickerViewUITests;
			productName = pickerViewUITests;
			productReference = E3D9E13D2BBE2633002D4D97 /* pickerViewUITests.xctest */;
			productType = "com.apple.product-type.bundle.ui-testing";
		};
/* End PBXNativeTarget section */

/* Begin PBXProject section */
		E3D9E1152BBE2632002D4D97 /* Project object */ = {
			isa = PBXProject;
			attributes = {
				BuildIndependentTargetsInParallel = 1;
				LastSwiftUpdateCheck = 1530;
				LastUpgradeCheck = 1530;
				TargetAttributes = {
					E3D9E11C2BBE2632002D4D97 = {
						CreatedOnToolsVersion = 15.3;
					};
					E3D9E1322BBE2633002D4D97 = {
						CreatedOnToolsVersion = 15.3;
						TestTargetID = E3D9E11C2BBE2632002D4D97;
					};
					E3D9E13C2BBE2633002D4D97 = {
						CreatedOnToolsVersion = 15.3;
						TestTargetID = E3D9E11C2BBE2632002D4D97;
					};
				};
			};
			buildConfigurationList = E3D9E1182BBE2632002D4D97 /* Build configuration list for PBXProject "pickerView" */;
			compatibilityVersion = "Xcode 14.0";
			developmentRegion = en;
			hasScannedForEncodings = 0;
			knownRegions = (
				en,
				Base,
			);
			mainGroup = E3D9E1142BBE2632002D4D97;
			productRefGroup = E3D9E11E2BBE2632002D4D97 /* Products */;
			projectDirPath = "";
			projectRoot = "";
			targets = (
				E3D9E11C2BBE2632002D4D97 /* pickerView */,
				E3D9E1322BBE2633002D4D97 /* pickerViewTests */,
				E3D9E13C2BBE2633002D4D97 /* pickerViewUITests */,
			);
		};
/* End PBXProject section */

/* Begin PBXResourcesBuildPhase section */
		E3D9E11B2BBE2632002D4D97 /* Resources */ = {
			isa = PBXResourcesBuildPhase;
			buildActionMask = 2147483647;
			files = (
				E3D9E1622BBE2B54002D4D97 /* 8.jpg in Resources */,
				E3D9E12A2BBE2633002D4D97 /* Assets.xcassets in Resources */,
				E3D9E1642BBE2B54002D4D97 /* 6.jpg in Resources */,
				E3D9E15F2BBE2B54002D4D97 /* 5.jpg in Resources */,
				E3D9E15B2BBE2B54002D4D97 /* 9.jpg in Resources */,
				E3D9E15C2BBE2B54002D4D97 /* 2.jpg in Resources */,
				E3D9E15E2BBE2B54002D4D97 /* 7.jpg in Resources */,
				E3D9E1612BBE2B54002D4D97 /* 3.jpg in Resources */,
				E3D9E15D2BBE2B54002D4D97 /* 1.jpg in Resources */,
				E3D9E1602BBE2B54002D4D97 /* 4.jpg in Resources */,
				E3D9E12D2BBE2633002D4D97 /* Base in Resources */,
				E3D9E1632BBE2B54002D4D97 /* 10.jpg in Resources */,
				E3D9E1282BBE2632002D4D97 /* Base in Resources */,
			);
			runOnlyForDeploymentPostprocessing = 0;
		};
		E3D9E1312BBE2633002D4D97 /* Resources */ = {
			isa = PBXResourcesBuildPhase;
			buildActionMask = 2147483647;
			files = (
			);
			runOnlyForDeploymentPostprocessing = 0;
		};
		E3D9E13B2BBE2633002D4D97 /* Resources */ = {
			isa = PBXResourcesBuildPhase;
			buildActionMask = 2147483647;
			files = (
			);
			runOnlyForDeploymentPostprocessing = 0;
		};
/* End PBXResourcesBuildPhase section */

/* Begin PBXSourcesBuildPhase section */
		E3D9E1192BBE2632002D4D97 /* Sources */ = {
			isa = PBXSourcesBuildPhase;
			buildActionMask = 2147483647;
			files = (
				E3D9E1252BBE2632002D4D97 /* ViewController.swift in Sources */,
				E3D9E1212BBE2632002D4D97 /* AppDelegate.swift in Sources */,
				E3D9E1232BBE2632002D4D97 /* SceneDelegate.swift in Sources */,
			);
			runOnlyForDeploymentPostprocessing = 0;
		};
		E3D9E12F2BBE2633002D4D97 /* Sources */ = {
			isa = PBXSourcesBuildPhase;
			buildActionMask = 2147483647;
			files = (
				E3D9E1382BBE2633002D4D97 /* pickerViewTests.swift in Sources */,
			);
			runOnlyForDeploymentPostprocessing = 0;
		};
		E3D9E1392BBE2633002D4D97 /* Sources */ = {
			isa = PBXSourcesBuildPhase;
			buildActionMask = 2147483647;
			files = (
				E3D9E1422BBE2633002D4D97 /* pickerViewUITests.swift in Sources */,
				E3D9E1442BBE2633002D4D97 /* pickerViewUITestsLaunchTests.swift in Sources */,
			);
			runOnlyForDeploymentPostprocessing = 0;
		};
/* End PBXSourcesBuildPhase section */

/* Begin PBXTargetDependency section */
		E3D9E1352BBE2633002D4D97 /* PBXTargetDependency */ = {
			isa = PBXTargetDependency;
			target = E3D9E11C2BBE2632002D4D97 /* pickerView */;
			targetProxy = E3D9E1342BBE2633002D4D97 /* PBXContainerItemProxy */;
		};
		E3D9E13F2BBE2633002D4D97 /* PBXTargetDependency */ = {
			isa = PBXTargetDependency;
			target = E3D9E11C2BBE2632002D4D97 /* pickerView */;
			targetProxy = E3D9E13E2BBE2633002D4D97 /* PBXContainerItemProxy */;
		};
/* End PBXTargetDependency section */

/* Begin PBXVariantGroup section */
		E3D9E1262BBE2632002D4D97 /* Main.storyboard */ = {
			isa = PBXVariantGroup;
			children = (
				E3D9E1272BBE2632002D4D97 /* Base */,
			);
			name = Main.storyboard;
			sourceTree = "<group>";
		};
		E3D9E12B2BBE2633002D4D97 /* LaunchScreen.storyboard */ = {
			isa = PBXVariantGroup;
			children = (
				E3D9E12C2BBE2633002D4D97 /* Base */,
			);
			name = LaunchScreen.storyboard;
			sourceTree = "<group>";
		};
/* End PBXVariantGroup section */

/* Begin XCBuildConfiguration section */
		E3D9E1452BBE2633002D4D97 /* Debug */ = {
			isa = XCBuildConfiguration;
			buildSettings = {
				ALWAYS_SEARCH_USER_PATHS = NO;
				ASSETCATALOG_COMPILER_GENERATE_SWIFT_ASSET_SYMBOL_EXTENSIONS = YES;
				CLANG_ANALYZER_NONNULL = YES;
				CLANG_ANALYZER_NUMBER_OBJECT_CONVERSION = YES_AGGRESSIVE;
				CLANG_CXX_LANGUAGE_STANDARD = "gnu++20";
				CLANG_ENABLE_MODULES = YES;
				CLANG_ENABLE_OBJC_ARC = YES;
				CLANG_ENABLE_OBJC_WEAK = YES;
				CLANG_WARN_BLOCK_CAPTURE_AUTORELEASING = YES;
				CLANG_WARN_BOOL_CONVERSION = YES;
				CLANG_WARN_COMMA = YES;
				CLANG_WARN_CONSTANT_CONVERSION = YES;
				CLANG_WARN_DEPRECATED_OBJC_IMPLEMENTATIONS = YES;
				CLANG_WARN_DIRECT_OBJC_ISA_USAGE = YES_ERROR;
				CLANG_WARN_DOCUMENTATION_COMMENTS = YES;
				CLANG_WARN_EMPTY_BODY = YES;
				CLANG_WARN_ENUM_CONVERSION = YES;
				CLANG_WARN_INFINITE_RECURSION = YES;
				CLANG_WARN_INT_CONVERSION = YES;
				CLANG_WARN_NON_LITERAL_NULL_CONVERSION = YES;
				CLANG_WARN_OBJC_IMPLICIT_RETAIN_SELF = YES;
				CLANG_WARN_OBJC_LITERAL_CONVERSION = YES;
				CLANG_WARN_OBJC_ROOT_CLASS = YES_ERROR;
				CLANG_WARN_QUOTED_INCLUDE_IN_FRAMEWORK_HEADER = YES;
				CLANG_WARN_RANGE_LOOP_ANALYSIS = YES;
				CLANG_WARN_STRICT_PROTOTYPES = YES;
				CLANG_WARN_SUSPICIOUS_MOVE = YES;
				CLANG_WARN_UNGUARDED_AVAILABILITY = YES_AGGRESSIVE;
				CLANG_WARN_UNREACHABLE_CODE = YES;
				CLANG_WARN__DUPLICATE_METHOD_MATCH = YES;
				COPY_PHASE_STRIP = NO;
				DEBUG_INFORMATION_FORMAT = dwarf;
				ENABLE_STRICT_OBJC_MSGSEND = YES;
				ENABLE_TESTABILITY = YES;
				ENABLE_USER_SCRIPT_SANDBOXING = YES;
				GCC_C_LANGUAGE_STANDARD = gnu17;
				GCC_DYNAMIC_NO_PIC = NO;
				GCC_NO_COMMON_BLOCKS = YES;
				GCC_OPTIMIZATION_LEVEL = 0;
				GCC_PREPROCESSOR_DEFINITIONS = (
					"DEBUG=1",
					"$(inherited)",
				);
				GCC_WARN_64_TO_32_BIT_CONVERSION = YES;
				GCC_WARN_ABOUT_RETURN_TYPE = YES_ERROR;
				GCC_WARN_UNDECLARED_SELECTOR = YES;
				GCC_WARN_UNINITIALIZED_AUTOS = YES_AGGRESSIVE;
				GCC_WARN_UNUSED_FUNCTION = YES;
				GCC_WARN_UNUSED_VARIABLE = YES;
				IPHONEOS_DEPLOYMENT_TARGET = 17.4;
				LOCALIZATION_PREFERS_STRING_CATALOGS = YES;
				MTL_ENABLE_DEBUG_INFO = INCLUDE_SOURCE;
				MTL_FAST_MATH = YES;
				ONLY_ACTIVE_ARCH = YES;
				SDKROOT = iphoneos;
				SWIFT_ACTIVE_COMPILATION_CONDITIONS = "DEBUG $(inherited)";
				SWIFT_OPTIMIZATION_LEVEL = "-Onone";
			};
			name = Debug;
		};
		E3D9E1462BBE2633002D4D97 /* Release */ = {
			isa = XCBuildConfiguration;
			buildSettings = {
				ALWAYS_SEARCH_USER_PATHS = NO;
				ASSETCATALOG_COMPILER_GENERATE_SWIFT_ASSET_SYMBOL_EXTENSIONS = YES;
				CLANG_ANALYZER_NONNULL = YES;
				CLANG_ANALYZER_NUMBER_OBJECT_CONVERSION = YES_AGGRESSIVE;
				CLANG_CXX_LANGUAGE_STANDARD = "gnu++20";
				CLANG_ENABLE_MODULES = YES;
				CLANG_ENABLE_OBJC_ARC = YES;
				CLANG_ENABLE_OBJC_WEAK = YES;
				CLANG_WARN_BLOCK_CAPTURE_AUTORELEASING = YES;
				CLANG_WARN_BOOL_CONVERSION = YES;
				CLANG_WARN_COMMA = YES;
				CLANG_WARN_CONSTANT_CONVERSION = YES;
				CLANG_WARN_DEPRECATED_OBJC_IMPLEMENTATIONS = YES;
				CLANG_WARN_DIRECT_OBJC_ISA_USAGE = YES_ERROR;
				CLANG_WARN_DOCUMENTATION_COMMENTS = YES;
				CLANG_WARN_EMPTY_BODY = YES;
				CLANG_WARN_ENUM_CONVERSION = YES;
				CLANG_WARN_INFINITE_RECURSION = YES;
				CLANG_WARN_INT_CONVERSION = YES;
				CLANG_WARN_NON_LITERAL_NULL_CONVERSION = YES;
				CLANG_WARN_OBJC_IMPLICIT_RETAIN_SELF = YES;
				CLANG_WARN_OBJC_LITERAL_CONVERSION = YES;
				CLANG_WARN_OBJC_ROOT_CLASS = YES_ERROR;
				CLANG_WARN_QUOTED_INCLUDE_IN_FRAMEWORK_HEADER = YES;
				CLANG_WARN_RANGE_LOOP_ANALYSIS = YES;
				CLANG_WARN_STRICT_PROTOTYPES = YES;
				CLANG_WARN_SUSPICIOUS_MOVE = YES;
				CLANG_WARN_UNGUARDED_AVAILABILITY = YES_AGGRESSIVE;
				CLANG_WARN_UNREACHABLE_CODE = YES;
				CLANG_WARN__DUPLICATE_METHOD_MATCH = YES;
				COPY_PHASE_STRIP = NO;
				DEBUG_INFORMATION_FORMAT = "dwarf-with-dsym";
				ENABLE_NS_ASSERTIONS = NO;
				ENABLE_STRICT_OBJC_MSGSEND = YES;
				ENABLE_USER_SCRIPT_SANDBOXING = YES;
				GCC_C_LANGUAGE_STANDARD = gnu17;
				GCC_NO_COMMON_BLOCKS = YES;
				GCC_WARN_64_TO_32_BIT_CONVERSION = YES;
				GCC_WARN_ABOUT_RETURN_TYPE = YES_ERROR;
				GCC_WARN_UNDECLARED_SELECTOR = YES;
				GCC_WARN_UNINITIALIZED_AUTOS = YES_AGGRESSIVE;
				GCC_WARN_UNUSED_FUNCTION = YES;
				GCC_WARN_UNUSED_VARIABLE = YES;
				IPHONEOS_DEPLOYMENT_TARGET = 17.4;
				LOCALIZATION_PREFERS_STRING_CATALOGS = YES;
				MTL_ENABLE_DEBUG_INFO = NO;
				MTL_FAST_MATH = YES;
				SDKROOT = iphoneos;
				SWIFT_COMPILATION_MODE = wholemodule;
				VALIDATE_PRODUCT = YES;
			};
			name = Release;
		};
		E3D9E1482BBE2633002D4D97 /* Debug */ = {
			isa = XCBuildConfiguration;
			buildSettings = {
				ASSETCATALOG_COMPILER_APPICON_NAME = AppIcon;
				ASSETCATALOG_COMPILER_GLOBAL_ACCENT_COLOR_NAME = AccentColor;
				CODE_SIGN_STYLE = Automatic;
				CURRENT_PROJECT_VERSION = 1;
				GENERATE_INFOPLIST_FILE = YES;
				INFOPLIST_FILE = pickerView/Info.plist;
				INFOPLIST_KEY_UIApplicationSupportsIndirectInputEvents = YES;
				INFOPLIST_KEY_UILaunchStoryboardName = LaunchScreen;
				INFOPLIST_KEY_UIMainStoryboardFile = Main;
				INFOPLIST_KEY_UISupportedInterfaceOrientations_iPad = "UIInterfaceOrientationPortrait UIInterfaceOrientationPortraitUpsideDown UIInterfaceOrientationLandscapeLeft UIInterfaceOrientationLandscapeRight";
				INFOPLIST_KEY_UISupportedInterfaceOrientations_iPhone = "UIInterfaceOrientationPortrait UIInterfaceOrientationLandscapeLeft UIInterfaceOrientationLandscapeRight";
				LD_RUNPATH_SEARCH_PATHS = (
					"$(inherited)",
					"@executable_path/Frameworks",
				);
				MARKETING_VERSION = 1.0;
				PRODUCT_BUNDLE_IDENTIFIER = DH.pickerView;
				PRODUCT_NAME = "$(TARGET_NAME)";
				SWIFT_EMIT_LOC_STRINGS = YES;
				SWIFT_VERSION = 5.0;
				TARGETED_DEVICE_FAMILY = "1,2";
			};
			name = Debug;
		};
		E3D9E1492BBE2633002D4D97 /* Release */ = {
			isa = XCBuildConfiguration;
			buildSettings = {
				ASSETCATALOG_COMPILER_APPICON_NAME = AppIcon;
				ASSETCATALOG_COMPILER_GLOBAL_ACCENT_COLOR_NAME = AccentColor;
				CODE_SIGN_STYLE = Automatic;
				CURRENT_PROJECT_VERSION = 1;
				GENERATE_INFOPLIST_FILE = YES;
				INFOPLIST_FILE = pickerView/Info.plist;
				INFOPLIST_KEY_UIApplicationSupportsIndirectInputEvents = YES;
				INFOPLIST_KEY_UILaunchStoryboardName = LaunchScreen;
				INFOPLIST_KEY_UIMainStoryboardFile = Main;
				INFOPLIST_KEY_UISupportedInterfaceOrientations_iPad = "UIInterfaceOrientationPortrait UIInterfaceOrientationPortraitUpsideDown UIInterfaceOrientationLandscapeLeft UIInterfaceOrientationLandscapeRight";
				INFOPLIST_KEY_UISupportedInterfaceOrientations_iPhone = "UIInterfaceOrientationPortrait UIInterfaceOrientationLandscapeLeft UIInterfaceOrientationLandscapeRight";
				LD_RUNPATH_SEARCH_PATHS = (
					"$(inherited)",
					"@executable_path/Frameworks",
				);
				MARKETING_VERSION = 1.0;
				PRODUCT_BUNDLE_IDENTIFIER = DH.pickerView;
				PRODUCT_NAME = "$(TARGET_NAME)";
				SWIFT_EMIT_LOC_STRINGS = YES;
				SWIFT_VERSION = 5.0;
				TARGETED_DEVICE_FAMILY = "1,2";
			};
			name = Release;
		};
		E3D9E14B2BBE2633002D4D97 /* Debug */ = {
			isa = XCBuildConfiguration;
			buildSettings = {
				ALWAYS_EMBED_SWIFT_STANDARD_LIBRARIES = YES;
				BUNDLE_LOADER = "$(TEST_HOST)";
				CODE_SIGN_STYLE = Automatic;
				CURRENT_PROJECT_VERSION = 1;
				GENERATE_INFOPLIST_FILE = YES;
				IPHONEOS_DEPLOYMENT_TARGET = 17.4;
				MARKETING_VERSION = 1.0;
				PRODUCT_BUNDLE_IDENTIFIER = DH.pickerViewTests;
				PRODUCT_NAME = "$(TARGET_NAME)";
				SWIFT_EMIT_LOC_STRINGS = NO;
				SWIFT_VERSION = 5.0;
				TARGETED_DEVICE_FAMILY = "1,2";
				TEST_HOST = "$(BUILT_PRODUCTS_DIR)/pickerView.app/$(BUNDLE_EXECUTABLE_FOLDER_PATH)/pickerView";
			};
			name = Debug;
		};
		E3D9E14C2BBE2633002D4D97 /* Release */ = {
			isa = XCBuildConfiguration;
			buildSettings = {
				ALWAYS_EMBED_SWIFT_STANDARD_LIBRARIES = YES;
				BUNDLE_LOADER = "$(TEST_HOST)";
				CODE_SIGN_STYLE = Automatic;
				CURRENT_PROJECT_VERSION = 1;
				GENERATE_INFOPLIST_FILE = YES;
				IPHONEOS_DEPLOYMENT_TARGET = 17.4;
				MARKETING_VERSION = 1.0;
				PRODUCT_BUNDLE_IDENTIFIER = DH.pickerViewTests;
				PRODUCT_NAME = "$(TARGET_NAME)";
				SWIFT_EMIT_LOC_STRINGS = NO;
				SWIFT_VERSION = 5.0;
				TARGETED_DEVICE_FAMILY = "1,2";
				TEST_HOST = "$(BUILT_PRODUCTS_DIR)/pickerView.app/$(BUNDLE_EXECUTABLE_FOLDER_PATH)/pickerView";
			};
			name = Release;
		};
		E3D9E14E2BBE2633002D4D97 /* Debug */ = {
			isa = XCBuildConfiguration;
			buildSettings = {
				ALWAYS_EMBED_SWIFT_STANDARD_LIBRARIES = YES;
				CODE_SIGN_STYLE = Automatic;
				CURRENT_PROJECT_VERSION = 1;
				GENERATE_INFOPLIST_FILE = YES;
				MARKETING_VERSION = 1.0;
				PRODUCT_BUNDLE_IDENTIFIER = DH.pickerViewUITests;
				PRODUCT_NAME = "$(TARGET_NAME)";
				SWIFT_EMIT_LOC_STRINGS = NO;
				SWIFT_VERSION = 5.0;
				TARGETED_DEVICE_FAMILY = "1,2";
				TEST_TARGET_NAME = pickerView;
			};
			name = Debug;
		};
		E3D9E14F2BBE2633002D4D97 /* Release */ = {
			isa = XCBuildConfiguration;
			buildSettings = {
				ALWAYS_EMBED_SWIFT_STANDARD_LIBRARIES = YES;
				CODE_SIGN_STYLE = Automatic;
				CURRENT_PROJECT_VERSION = 1;
				GENERATE_INFOPLIST_FILE = YES;
				MARKETING_VERSION = 1.0;
				PRODUCT_BUNDLE_IDENTIFIER = DH.pickerViewUITests;
				PRODUCT_NAME = "$(TARGET_NAME)";
				SWIFT_EMIT_LOC_STRINGS = NO;
				SWIFT_VERSION = 5.0;
				TARGETED_DEVICE_FAMILY = "1,2";
				TEST_TARGET_NAME = pickerView;
			};
			name = Release;
		};
/* End XCBuildConfiguration section */

/* Begin XCConfigurationList section */
		E3D9E1182BBE2632002D4D97 /* Build configuration list for PBXProject "pickerView" */ = {
			isa = XCConfigurationList;
			buildConfigurations = (
				E3D9E1452BBE2633002D4D97 /* Debug */,
				E3D9E1462BBE2633002D4D97 /* Release */,
			);
			defaultConfigurationIsVisible = 0;
			defaultConfigurationName = Release;
		};
		E3D9E1472BBE2633002D4D97 /* Build configuration list for PBXNativeTarget "pickerView" */ = {
			isa = XCConfigurationList;
			buildConfigurations = (
				E3D9E1482BBE2633002D4D97 /* Debug */,
				E3D9E1492BBE2633002D4D97 /* Release */,
			);
			defaultConfigurationIsVisible = 0;
			defaultConfigurationName = Release;
		};
		E3D9E14A2BBE2633002D4D97 /* Build configuration list for PBXNativeTarget "pickerViewTests" */ = {
			isa = XCConfigurationList;
			buildConfigurations = (
				E3D9E14B2BBE2633002D4D97 /* Debug */,
				E3D9E14C2BBE2633002D4D97 /* Release */,
			);
			defaultConfigurationIsVisible = 0;
			defaultConfigurationName = Release;
		};
		E3D9E14D2BBE2633002D4D97 /* Build configuration list for PBXNativeTarget "pickerViewUITests" */ = {
			isa = XCConfigurationList;
			buildConfigurations = (
				E3D9E14E2BBE2633002D4D97 /* Debug */,
				E3D9E14F2BBE2633002D4D97 /* Release */,
			);
			defaultConfigurationIsVisible = 0;
			defaultConfigurationName = Release;
		};
/* End XCConfigurationList section */
	};
	rootObject = E3D9E1152BBE2632002D4D97 /* Project object */;
}
