// !$*UTF8*$!
{
	archiveVersion = 1;
	classes = {
	};
	objectVersion = 56;
	objects = {

/* Begin PBXBuildFile section */
		E362A32D2C167A0500404105 /* AppDelegate.swift in Sources */ = {isa = PBXBuildFile; fileRef = E362A32C2C167A0500404105 /* AppDelegate.swift */; };
		E362A32F2C167A0500404105 /* SceneDelegate.swift in Sources */ = {isa = PBXBuildFile; fileRef = E362A32E2C167A0500404105 /* SceneDelegate.swift */; };
		E362A3312C167A0500404105 /* ViewController.swift in Sources */ = {isa = PBXBuildFile; fileRef = E362A3302C167A0500404105 /* ViewController.swift */; };
		E362A3342C167A0500404105 /* Base in Resources */ = {isa = PBXBuildFile; fileRef = E362A3332C167A0500404105 /* Base */; };
		E362A3362C167A0600404105 /* Assets.xcassets in Resources */ = {isa = PBXBuildFile; fileRef = E362A3352C167A0600404105 /* Assets.xcassets */; };
		E362A3392C167A0600404105 /* Base in Resources */ = {isa = PBXBuildFile; fileRef = E362A3382C167A0600404105 /* Base */; };
		E362A3442C167A0600404105 /* AudioTests.swift in Sources */ = {isa = PBXBuildFile; fileRef = E362A3432C167A0600404105 /* AudioTests.swift */; };
		E362A34E2C167A0600404105 /* AudioUITests.swift in Sources */ = {isa = PBXBuildFile; fileRef = E362A34D2C167A0600404105 /* AudioUITests.swift */; };
		E362A3502C167A0600404105 /* AudioUITestsLaunchTests.swift in Sources */ = {isa = PBXBuildFile; fileRef = E362A34F2C167A0600404105 /* AudioUITestsLaunchTests.swift */; };
		E362A35D2C168D0500404105 /* Sicilian_Breeze.mp3 in Resources */ = {isa = PBXBuildFile; fileRef = E362A35C2C168D0500404105 /* Sicilian_Breeze.mp3 */; };
/* End PBXBuildFile section */

/* Begin PBXContainerItemProxy section */
		E362A3402C167A0600404105 /* PBXContainerItemProxy */ = {
			isa = PBXContainerItemProxy;
			containerPortal = E362A3212C167A0500404105 /* Project object */;
			proxyType = 1;
			remoteGlobalIDString = E362A3282C167A0500404105;
			remoteInfo = Audio;
		};
		E362A34A2C167A0600404105 /* PBXContainerItemProxy */ = {
			isa = PBXContainerItemProxy;
			containerPortal = E362A3212C167A0500404105 /* Project object */;
			proxyType = 1;
			remoteGlobalIDString = E362A3282C167A0500404105;
			remoteInfo = Audio;
		};
/* End PBXContainerItemProxy section */

/* Begin PBXFileReference section */
		E362A3292C167A0500404105 /* Audio.app */ = {isa = PBXFileReference; explicitFileType = wrapper.application; includeInIndex = 0; path = Audio.app; sourceTree = BUILT_PRODUCTS_DIR; };
		E362A32C2C167A0500404105 /* AppDelegate.swift */ = {isa = PBXFileReference; lastKnownFileType = sourcecode.swift; path = AppDelegate.swift; sourceTree = "<group>"; };
		E362A32E2C167A0500404105 /* SceneDelegate.swift */ = {isa = PBXFileReference; lastKnownFileType = sourcecode.swift; path = SceneDelegate.swift; sourceTree = "<group>"; };
		E362A3302C167A0500404105 /* ViewController.swift */ = {isa = PBXFileReference; lastKnownFileType = sourcecode.swift; path = ViewController.swift; sourceTree = "<group>"; };
		E362A3332C167A0500404105 /* Base */ = {isa = PBXFileReference; lastKnownFileType = file.storyboard; name = Base; path = Base.lproj/Main.storyboard; sourceTree = "<group>"; };
		E362A3352C167A0600404105 /* Assets.xcassets */ = {isa = PBXFileReference; lastKnownFileType = folder.assetcatalog; path = Assets.xcassets; sourceTree = "<group>"; };
		E362A3382C167A0600404105 /* Base */ = {isa = PBXFileReference; lastKnownFileType = file.storyboard; name = Base; path = Base.lproj/LaunchScreen.storyboard; sourceTree = "<group>"; };
		E362A33A2C167A0600404105 /* Info.plist */ = {isa = PBXFileReference; lastKnownFileType = text.plist.xml; path = Info.plist; sourceTree = "<group>"; };
		E362A33F2C167A0600404105 /* AudioTests.xctest */ = {isa = PBXFileReference; explicitFileType = wrapper.cfbundle; includeInIndex = 0; path = AudioTests.xctest; sourceTree = BUILT_PRODUCTS_DIR; };
		E362A3432C167A0600404105 /* AudioTests.swift */ = {isa = PBXFileReference; lastKnownFileType = sourcecode.swift; path = AudioTests.swift; sourceTree = "<group>"; };
		E362A3492C167A0600404105 /* AudioUITests.xctest */ = {isa = PBXFileReference; explicitFileType = wrapper.cfbundle; includeInIndex = 0; path = AudioUITests.xctest; sourceTree = BUILT_PRODUCTS_DIR; };
		E362A34D2C167A0600404105 /* AudioUITests.swift */ = {isa = PBXFileReference; lastKnownFileType = sourcecode.swift; path = AudioUITests.swift; sourceTree = "<group>"; };
		E362A34F2C167A0600404105 /* AudioUITestsLaunchTests.swift */ = {isa = PBXFileReference; lastKnownFileType = sourcecode.swift; path = AudioUITestsLaunchTests.swift; sourceTree = "<group>"; };
		E362A35C2C168D0500404105 /* Sicilian_Breeze.mp3 */ = {isa = PBXFileReference; lastKnownFileType = audio.mp3; path = Sicilian_Breeze.mp3; sourceTree = SOURCE_ROOT; };
/* End PBXFileReference section */

/* Begin PBXFrameworksBuildPhase section */
		E362A3262C167A0500404105 /* Frameworks */ = {
			isa = PBXFrameworksBuildPhase;
			buildActionMask = 2147483647;
			files = (
			);
			runOnlyForDeploymentPostprocessing = 0;
		};
		E362A33C2C167A0600404105 /* Frameworks */ = {
			isa = PBXFrameworksBuildPhase;
			buildActionMask = 2147483647;
			files = (
			);
			runOnlyForDeploymentPostprocessing = 0;
		};
		E362A3462C167A0600404105 /* Frameworks */ = {
			isa = PBXFrameworksBuildPhase;
			buildActionMask = 2147483647;
			files = (
			);
			runOnlyForDeploymentPostprocessing = 0;
		};
/* End PBXFrameworksBuildPhase section */

/* Begin PBXGroup section */
		E362A3202C167A0500404105 = {
			isa = PBXGroup;
			children = (
				E362A32B2C167A0500404105 /* Audio */,
				E362A3422C167A0600404105 /* AudioTests */,
				E362A34C2C167A0600404105 /* AudioUITests */,
				E362A32A2C167A0500404105 /* Products */,
			);
			sourceTree = "<group>";
		};
		E362A32A2C167A0500404105 /* Products */ = {
			isa = PBXGroup;
			children = (
				E362A3292C167A0500404105 /* Audio.app */,
				E362A33F2C167A0600404105 /* AudioTests.xctest */,
				E362A3492C167A0600404105 /* AudioUITests.xctest */,
			);
			name = Products;
			sourceTree = "<group>";
		};
		E362A32B2C167A0500404105 /* Audio */ = {
			isa = PBXGroup;
			children = (
				E362A35C2C168D0500404105 /* Sicilian_Breeze.mp3 */,
				E362A32C2C167A0500404105 /* AppDelegate.swift */,
				E362A32E2C167A0500404105 /* SceneDelegate.swift */,
				E362A3302C167A0500404105 /* ViewController.swift */,
				E362A3322C167A0500404105 /* Main.storyboard */,
				E362A3352C167A0600404105 /* Assets.xcassets */,
				E362A3372C167A0600404105 /* LaunchScreen.storyboard */,
				E362A33A2C167A0600404105 /* Info.plist */,
			);
			path = Audio;
			sourceTree = "<group>";
		};
		E362A3422C167A0600404105 /* AudioTests */ = {
			isa = PBXGroup;
			children = (
				E362A3432C167A0600404105 /* AudioTests.swift */,
			);
			path = AudioTests;
			sourceTree = "<group>";
		};
		E362A34C2C167A0600404105 /* AudioUITests */ = {
			isa = PBXGroup;
			children = (
				E362A34D2C167A0600404105 /* AudioUITests.swift */,
				E362A34F2C167A0600404105 /* AudioUITestsLaunchTests.swift */,
			);
			path = AudioUITests;
			sourceTree = "<group>";
		};
/* End PBXGroup section */

/* Begin PBXNativeTarget section */
		E362A3282C167A0500404105 /* Audio */ = {
			isa = PBXNativeTarget;
			buildConfigurationList = E362A3532C167A0600404105 /* Build configuration list for PBXNativeTarget "Audio" */;
			buildPhases = (
				E362A3252C167A0500404105 /* Sources */,
				E362A3262C167A0500404105 /* Frameworks */,
				E362A3272C167A0500404105 /* Resources */,
			);
			buildRules = (
			);
			dependencies = (
			);
			name = Audio;
			productName = Audio;
			productReference = E362A3292C167A0500404105 /* Audio.app */;
			productType = "com.apple.product-type.application";
		};
		E362A33E2C167A0600404105 /* AudioTests */ = {
			isa = PBXNativeTarget;
			buildConfigurationList = E362A3562C167A0600404105 /* Build configuration list for PBXNativeTarget "AudioTests" */;
			buildPhases = (
				E362A33B2C167A0600404105 /* Sources */,
				E362A33C2C167A0600404105 /* Frameworks */,
				E362A33D2C167A0600404105 /* Resources */,
			);
			buildRules = (
			);
			dependencies = (
				E362A3412C167A0600404105 /* PBXTargetDependency */,
			);
			name = AudioTests;
			productName = AudioTests;
			productReference = E362A33F2C167A0600404105 /* AudioTests.xctest */;
			productType = "com.apple.product-type.bundle.unit-test";
		};
		E362A3482C167A0600404105 /* AudioUITests */ = {
			isa = PBXNativeTarget;
			buildConfigurationList = E362A3592C167A0600404105 /* Build configuration list for PBXNativeTarget "AudioUITests" */;
			buildPhases = (
				E362A3452C167A0600404105 /* Sources */,
				E362A3462C167A0600404105 /* Frameworks */,
				E362A3472C167A0600404105 /* Resources */,
			);
			buildRules = (
			);
			dependencies = (
				E362A34B2C167A0600404105 /* PBXTargetDependency */,
			);
			name = AudioUITests;
			productName = AudioUITests;
			productReference = E362A3492C167A0600404105 /* AudioUITests.xctest */;
			productType = "com.apple.product-type.bundle.ui-testing";
		};
/* End PBXNativeTarget section */

/* Begin PBXProject section */
		E362A3212C167A0500404105 /* Project object */ = {
			isa = PBXProject;
			attributes = {
				BuildIndependentTargetsInParallel = 1;
				LastSwiftUpdateCheck = 1530;
				LastUpgradeCheck = 1530;
				TargetAttributes = {
					E362A3282C167A0500404105 = {
						CreatedOnToolsVersion = 15.3;
					};
					E362A33E2C167A0600404105 = {
						CreatedOnToolsVersion = 15.3;
						TestTargetID = E362A3282C167A0500404105;
					};
					E362A3482C167A0600404105 = {
						CreatedOnToolsVersion = 15.3;
						TestTargetID = E362A3282C167A0500404105;
					};
				};
			};
			buildConfigurationList = E362A3242C167A0500404105 /* Build configuration list for PBXProject "Audio" */;
			compatibilityVersion = "Xcode 14.0";
			developmentRegion = en;
			hasScannedForEncodings = 0;
			knownRegions = (
				en,
				Base,
			);
			mainGroup = E362A3202C167A0500404105;
			productRefGroup = E362A32A2C167A0500404105 /* Products */;
			projectDirPath = "";
			projectRoot = "";
			targets = (
				E362A3282C167A0500404105 /* Audio */,
				E362A33E2C167A0600404105 /* AudioTests */,
				E362A3482C167A0600404105 /* AudioUITests */,
			);
		};
/* End PBXProject section */

/* Begin PBXResourcesBuildPhase section */
		E362A3272C167A0500404105 /* Resources */ = {
			isa = PBXResourcesBuildPhase;
			buildActionMask = 2147483647;
			files = (
				E362A3362C167A0600404105 /* Assets.xcassets in Resources */,
				E362A35D2C168D0500404105 /* Sicilian_Breeze.mp3 in Resources */,
				E362A3392C167A0600404105 /* Base in Resources */,
				E362A3342C167A0500404105 /* Base in Resources */,
			);
			runOnlyForDeploymentPostprocessing = 0;
		};
		E362A33D2C167A0600404105 /* Resources */ = {
			isa = PBXResourcesBuildPhase;
			buildActionMask = 2147483647;
			files = (
			);
			runOnlyForDeploymentPostprocessing = 0;
		};
		E362A3472C167A0600404105 /* Resources */ = {
			isa = PBXResourcesBuildPhase;
			buildActionMask = 2147483647;
			files = (
			);
			runOnlyForDeploymentPostprocessing = 0;
		};
/* End PBXResourcesBuildPhase section */

/* Begin PBXSourcesBuildPhase section */
		E362A3252C167A0500404105 /* Sources */ = {
			isa = PBXSourcesBuildPhase;
			buildActionMask = 2147483647;
			files = (
				E362A3312C167A0500404105 /* ViewController.swift in Sources */,
				E362A32D2C167A0500404105 /* AppDelegate.swift in Sources */,
				E362A32F2C167A0500404105 /* SceneDelegate.swift in Sources */,
			);
			runOnlyForDeploymentPostprocessing = 0;
		};
		E362A33B2C167A0600404105 /* Sources */ = {
			isa = PBXSourcesBuildPhase;
			buildActionMask = 2147483647;
			files = (
				E362A3442C167A0600404105 /* AudioTests.swift in Sources */,
			);
			runOnlyForDeploymentPostprocessing = 0;
		};
		E362A3452C167A0600404105 /* Sources */ = {
			isa = PBXSourcesBuildPhase;
			buildActionMask = 2147483647;
			files = (
				E362A34E2C167A0600404105 /* AudioUITests.swift in Sources */,
				E362A3502C167A0600404105 /* AudioUITestsLaunchTests.swift in Sources */,
			);
			runOnlyForDeploymentPostprocessing = 0;
		};
/* End PBXSourcesBuildPhase section */

/* Begin PBXTargetDependency section */
		E362A3412C167A0600404105 /* PBXTargetDependency */ = {
			isa = PBXTargetDependency;
			target = E362A3282C167A0500404105 /* Audio */;
			targetProxy = E362A3402C167A0600404105 /* PBXContainerItemProxy */;
		};
		E362A34B2C167A0600404105 /* PBXTargetDependency */ = {
			isa = PBXTargetDependency;
			target = E362A3282C167A0500404105 /* Audio */;
			targetProxy = E362A34A2C167A0600404105 /* PBXContainerItemProxy */;
		};
/* End PBXTargetDependency section */

/* Begin PBXVariantGroup section */
		E362A3322C167A0500404105 /* Main.storyboard */ = {
			isa = PBXVariantGroup;
			children = (
				E362A3332C167A0500404105 /* Base */,
			);
			name = Main.storyboard;
			sourceTree = "<group>";
		};
		E362A3372C167A0600404105 /* LaunchScreen.storyboard */ = {
			isa = PBXVariantGroup;
			children = (
				E362A3382C167A0600404105 /* Base */,
			);
			name = LaunchScreen.storyboard;
			sourceTree = "<group>";
		};
/* End PBXVariantGroup section */

/* Begin XCBuildConfiguration section */
		E362A3512C167A0600404105 /* Debug */ = {
			isa = XCBuildConfiguration;
			buildSettings = {
				ALWAYS_SEARCH_USER_PATHS = NO;
				ASSETCATALOG_COMPILER_GENERATE_SWIFT_ASSET_SYMBOL_EXTENSIONS = YES;
				CLANG_ANALYZER_NONNULL = YES;
				CLANG_ANALYZER_NUMBER_OBJECT_CONVERSION = YES_AGGRESSIVE;
				CLANG_CXX_LANGUAGE_STANDARD = "gnu++20";
				CLANG_ENABLE_MODULES = YES;
				CLANG_ENABLE_OBJC_ARC = YES;
				CLANG_ENABLE_OBJC_WEAK = YES;
				CLANG_WARN_BLOCK_CAPTURE_AUTORELEASING = YES;
				CLANG_WARN_BOOL_CONVERSION = YES;
				CLANG_WARN_COMMA = YES;
				CLANG_WARN_CONSTANT_CONVERSION = YES;
				CLANG_WARN_DEPRECATED_OBJC_IMPLEMENTATIONS = YES;
				CLANG_WARN_DIRECT_OBJC_ISA_USAGE = YES_ERROR;
				CLANG_WARN_DOCUMENTATION_COMMENTS = YES;
				CLANG_WARN_EMPTY_BODY = YES;
				CLANG_WARN_ENUM_CONVERSION = YES;
				CLANG_WARN_INFINITE_RECURSION = YES;
				CLANG_WARN_INT_CONVERSION = YES;
				CLANG_WARN_NON_LITERAL_NULL_CONVERSION = YES;
				CLANG_WARN_OBJC_IMPLICIT_RETAIN_SELF = YES;
				CLANG_WARN_OBJC_LITERAL_CONVERSION = YES;
				CLANG_WARN_OBJC_ROOT_CLASS = YES_ERROR;
				CLANG_WARN_QUOTED_INCLUDE_IN_FRAMEWORK_HEADER = YES;
				CLANG_WARN_RANGE_LOOP_ANALYSIS = YES;
				CLANG_WARN_STRICT_PROTOTYPES = YES;
				CLANG_WARN_SUSPICIOUS_MOVE = YES;
				CLANG_WARN_UNGUARDED_AVAILABILITY = YES_AGGRESSIVE;
				CLANG_WARN_UNREACHABLE_CODE = YES;
				CLANG_WARN__DUPLICATE_METHOD_MATCH = YES;
				COPY_PHASE_STRIP = NO;
				DEBUG_INFORMATION_FORMAT = dwarf;
				ENABLE_STRICT_OBJC_MSGSEND = YES;
				ENABLE_TESTABILITY = YES;
				ENABLE_USER_SCRIPT_SANDBOXING = YES;
				GCC_C_LANGUAGE_STANDARD = gnu17;
				GCC_DYNAMIC_NO_PIC = NO;
				GCC_NO_COMMON_BLOCKS = YES;
				GCC_OPTIMIZATION_LEVEL = 0;
				GCC_PREPROCESSOR_DEFINITIONS = (
					"DEBUG=1",
					"$(inherited)",
				);
				GCC_WARN_64_TO_32_BIT_CONVERSION = YES;
				GCC_WARN_ABOUT_RETURN_TYPE = YES_ERROR;
				GCC_WARN_UNDECLARED_SELECTOR = YES;
				GCC_WARN_UNINITIALIZED_AUTOS = YES_AGGRESSIVE;
				GCC_WARN_UNUSED_FUNCTION = YES;
				GCC_WARN_UNUSED_VARIABLE = YES;
				IPHONEOS_DEPLOYMENT_TARGET = 17.4;
				LOCALIZATION_PREFERS_STRING_CATALOGS = YES;
				MTL_ENABLE_DEBUG_INFO = INCLUDE_SOURCE;
				MTL_FAST_MATH = YES;
				ONLY_ACTIVE_ARCH = YES;
				SDKROOT = iphoneos;
				SWIFT_ACTIVE_COMPILATION_CONDITIONS = "DEBUG $(inherited)";
				SWIFT_OPTIMIZATION_LEVEL = "-Onone";
			};
			name = Debug;
		};
		E362A3522C167A0600404105 /* Release */ = {
			isa = XCBuildConfiguration;
			buildSettings = {
				ALWAYS_SEARCH_USER_PATHS = NO;
				ASSETCATALOG_COMPILER_GENERATE_SWIFT_ASSET_SYMBOL_EXTENSIONS = YES;
				CLANG_ANALYZER_NONNULL = YES;
				CLANG_ANALYZER_NUMBER_OBJECT_CONVERSION = YES_AGGRESSIVE;
				CLANG_CXX_LANGUAGE_STANDARD = "gnu++20";
				CLANG_ENABLE_MODULES = YES;
				CLANG_ENABLE_OBJC_ARC = YES;
				CLANG_ENABLE_OBJC_WEAK = YES;
				CLANG_WARN_BLOCK_CAPTURE_AUTORELEASING = YES;
				CLANG_WARN_BOOL_CONVERSION = YES;
				CLANG_WARN_COMMA = YES;
				CLANG_WARN_CONSTANT_CONVERSION = YES;
				CLANG_WARN_DEPRECATED_OBJC_IMPLEMENTATIONS = YES;
				CLANG_WARN_DIRECT_OBJC_ISA_USAGE = YES_ERROR;
				CLANG_WARN_DOCUMENTATION_COMMENTS = YES;
				CLANG_WARN_EMPTY_BODY = YES;
				CLANG_WARN_ENUM_CONVERSION = YES;
				CLANG_WARN_INFINITE_RECURSION = YES;
				CLANG_WARN_INT_CONVERSION = YES;
				CLANG_WARN_NON_LITERAL_NULL_CONVERSION = YES;
				CLANG_WARN_OBJC_IMPLICIT_RETAIN_SELF = YES;
				CLANG_WARN_OBJC_LITERAL_CONVERSION = YES;
				CLANG_WARN_OBJC_ROOT_CLASS = YES_ERROR;
				CLANG_WARN_QUOTED_INCLUDE_IN_FRAMEWORK_HEADER = YES;
				CLANG_WARN_RANGE_LOOP_ANALYSIS = YES;
				CLANG_WARN_STRICT_PROTOTYPES = YES;
				CLANG_WARN_SUSPICIOUS_MOVE = YES;
				CLANG_WARN_UNGUARDED_AVAILABILITY = YES_AGGRESSIVE;
				CLANG_WARN_UNREACHABLE_CODE = YES;
				CLANG_WARN__DUPLICATE_METHOD_MATCH = YES;
				COPY_PHASE_STRIP = NO;
				DEBUG_INFORMATION_FORMAT = "dwarf-with-dsym";
				ENABLE_NS_ASSERTIONS = NO;
				ENABLE_STRICT_OBJC_MSGSEND = YES;
				ENABLE_USER_SCRIPT_SANDBOXING = YES;
				GCC_C_LANGUAGE_STANDARD = gnu17;
				GCC_NO_COMMON_BLOCKS = YES;
				GCC_WARN_64_TO_32_BIT_CONVERSION = YES;
				GCC_WARN_ABOUT_RETURN_TYPE = YES_ERROR;
				GCC_WARN_UNDECLARED_SELECTOR = YES;
				GCC_WARN_UNINITIALIZED_AUTOS = YES_AGGRESSIVE;
				GCC_WARN_UNUSED_FUNCTION = YES;
				GCC_WARN_UNUSED_VARIABLE = YES;
				IPHONEOS_DEPLOYMENT_TARGET = 17.4;
				LOCALIZATION_PREFERS_STRING_CATALOGS = YES;
				MTL_ENABLE_DEBUG_INFO = NO;
				MTL_FAST_MATH = YES;
				SDKROOT = iphoneos;
				SWIFT_COMPILATION_MODE = wholemodule;
				VALIDATE_PRODUCT = YES;
			};
			name = Release;
		};
		E362A3542C167A0600404105 /* Debug */ = {
			isa = XCBuildConfiguration;
			buildSettings = {
				ASSETCATALOG_COMPILER_APPICON_NAME = AppIcon;
				ASSETCATALOG_COMPILER_GLOBAL_ACCENT_COLOR_NAME = AccentColor;
				CODE_SIGN_STYLE = Automatic;
				CURRENT_PROJECT_VERSION = 1;
				GENERATE_INFOPLIST_FILE = YES;
				INFOPLIST_FILE = Audio/Info.plist;
				INFOPLIST_KEY_UIApplicationSupportsIndirectInputEvents = YES;
				INFOPLIST_KEY_UILaunchStoryboardName = LaunchScreen;
				INFOPLIST_KEY_UIMainStoryboardFile = Main;
				INFOPLIST_KEY_UISupportedInterfaceOrientations_iPad = "UIInterfaceOrientationPortrait UIInterfaceOrientationPortraitUpsideDown UIInterfaceOrientationLandscapeLeft UIInterfaceOrientationLandscapeRight";
				INFOPLIST_KEY_UISupportedInterfaceOrientations_iPhone = "UIInterfaceOrientationPortrait UIInterfaceOrientationLandscapeLeft UIInterfaceOrientationLandscapeRight";
				LD_RUNPATH_SEARCH_PATHS = (
					"$(inherited)",
					"@executable_path/Frameworks",
				);
				MARKETING_VERSION = 1.0;
				PRODUCT_BUNDLE_IDENTIFIER = DH.Audio;
				PRODUCT_NAME = "$(TARGET_NAME)";
				SWIFT_EMIT_LOC_STRINGS = YES;
				SWIFT_VERSION = 5.0;
				TARGETED_DEVICE_FAMILY = "1,2";
			};
			name = Debug;
		};
		E362A3552C167A0600404105 /* Release */ = {
			isa = XCBuildConfiguration;
			buildSettings = {
				ASSETCATALOG_COMPILER_APPICON_NAME = AppIcon;
				ASSETCATALOG_COMPILER_GLOBAL_ACCENT_COLOR_NAME = AccentColor;
				CODE_SIGN_STYLE = Automatic;
				CURRENT_PROJECT_VERSION = 1;
				GENERATE_INFOPLIST_FILE = YES;
				INFOPLIST_FILE = Audio/Info.plist;
				INFOPLIST_KEY_UIApplicationSupportsIndirectInputEvents = YES;
				INFOPLIST_KEY_UILaunchStoryboardName = LaunchScreen;
				INFOPLIST_KEY_UIMainStoryboardFile = Main;
				INFOPLIST_KEY_UISupportedInterfaceOrientations_iPad = "UIInterfaceOrientationPortrait UIInterfaceOrientationPortraitUpsideDown UIInterfaceOrientationLandscapeLeft UIInterfaceOrientationLandscapeRight";
				INFOPLIST_KEY_UISupportedInterfaceOrientations_iPhone = "UIInterfaceOrientationPortrait UIInterfaceOrientationLandscapeLeft UIInterfaceOrientationLandscapeRight";
				LD_RUNPATH_SEARCH_PATHS = (
					"$(inherited)",
					"@executable_path/Frameworks",
				);
				MARKETING_VERSION = 1.0;
				PRODUCT_BUNDLE_IDENTIFIER = DH.Audio;
				PRODUCT_NAME = "$(TARGET_NAME)";
				SWIFT_EMIT_LOC_STRINGS = YES;
				SWIFT_VERSION = 5.0;
				TARGETED_DEVICE_FAMILY = "1,2";
			};
			name = Release;
		};
		E362A3572C167A0600404105 /* Debug */ = {
			isa = XCBuildConfiguration;
			buildSettings = {
				ALWAYS_EMBED_SWIFT_STANDARD_LIBRARIES = YES;
				BUNDLE_LOADER = "$(TEST_HOST)";
				CODE_SIGN_STYLE = Automatic;
				CURRENT_PROJECT_VERSION = 1;
				GENERATE_INFOPLIST_FILE = YES;
				IPHONEOS_DEPLOYMENT_TARGET = 17.4;
				MARKETING_VERSION = 1.0;
				PRODUCT_BUNDLE_IDENTIFIER = DH.AudioTests;
				PRODUCT_NAME = "$(TARGET_NAME)";
				SWIFT_EMIT_LOC_STRINGS = NO;
				SWIFT_VERSION = 5.0;
				TARGETED_DEVICE_FAMILY = "1,2";
				TEST_HOST = "$(BUILT_PRODUCTS_DIR)/Audio.app/$(BUNDLE_EXECUTABLE_FOLDER_PATH)/Audio";
			};
			name = Debug;
		};
		E362A3582C167A0600404105 /* Release */ = {
			isa = XCBuildConfiguration;
			buildSettings = {
				ALWAYS_EMBED_SWIFT_STANDARD_LIBRARIES = YES;
				BUNDLE_LOADER = "$(TEST_HOST)";
				CODE_SIGN_STYLE = Automatic;
				CURRENT_PROJECT_VERSION = 1;
				GENERATE_INFOPLIST_FILE = YES;
				IPHONEOS_DEPLOYMENT_TARGET = 17.4;
				MARKETING_VERSION = 1.0;
				PRODUCT_BUNDLE_IDENTIFIER = DH.AudioTests;
				PRODUCT_NAME = "$(TARGET_NAME)";
				SWIFT_EMIT_LOC_STRINGS = NO;
				SWIFT_VERSION = 5.0;
				TARGETED_DEVICE_FAMILY = "1,2";
				TEST_HOST = "$(BUILT_PRODUCTS_DIR)/Audio.app/$(BUNDLE_EXECUTABLE_FOLDER_PATH)/Audio";
			};
			name = Release;
		};
		E362A35A2C167A0600404105 /* Debug */ = {
			isa = XCBuildConfiguration;
			buildSettings = {
				ALWAYS_EMBED_SWIFT_STANDARD_LIBRARIES = YES;
				CODE_SIGN_STYLE = Automatic;
				CURRENT_PROJECT_VERSION = 1;
				GENERATE_INFOPLIST_FILE = YES;
				MARKETING_VERSION = 1.0;
				PRODUCT_BUNDLE_IDENTIFIER = DH.AudioUITests;
				PRODUCT_NAME = "$(TARGET_NAME)";
				SWIFT_EMIT_LOC_STRINGS = NO;
				SWIFT_VERSION = 5.0;
				TARGETED_DEVICE_FAMILY = "1,2";
				TEST_TARGET_NAME = Audio;
			};
			name = Debug;
		};
		E362A35B2C167A0600404105 /* Release */ = {
			isa = XCBuildConfiguration;
			buildSettings = {
				ALWAYS_EMBED_SWIFT_STANDARD_LIBRARIES = YES;
				CODE_SIGN_STYLE = Automatic;
				CURRENT_PROJECT_VERSION = 1;
				GENERATE_INFOPLIST_FILE = YES;
				MARKETING_VERSION = 1.0;
				PRODUCT_BUNDLE_IDENTIFIER = DH.AudioUITests;
				PRODUCT_NAME = "$(TARGET_NAME)";
				SWIFT_EMIT_LOC_STRINGS = NO;
				SWIFT_VERSION = 5.0;
				TARGETED_DEVICE_FAMILY = "1,2";
				TEST_TARGET_NAME = Audio;
			};
			name = Release;
		};
/* End XCBuildConfiguration section */

/* Begin XCConfigurationList section */
		E362A3242C167A0500404105 /* Build configuration list for PBXProject "Audio" */ = {
			isa = XCConfigurationList;
			buildConfigurations = (
				E362A3512C167A0600404105 /* Debug */,
				E362A3522C167A0600404105 /* Release */,
			);
			defaultConfigurationIsVisible = 0;
			defaultConfigurationName = Release;
		};
		E362A3532C167A0600404105 /* Build configuration list for PBXNativeTarget "Audio" */ = {
			isa = XCConfigurationList;
			buildConfigurations = (
				E362A3542C167A0600404105 /* Debug */,
				E362A3552C167A0600404105 /* Release */,
			);
			defaultConfigurationIsVisible = 0;
			defaultConfigurationName = Release;
		};
		E362A3562C167A0600404105 /* Build configuration list for PBXNativeTarget "AudioTests" */ = {
			isa = XCConfigurationList;
			buildConfigurations = (
				E362A3572C167A0600404105 /* Debug */,
				E362A3582C167A0600404105 /* Release */,
			);
			defaultConfigurationIsVisible = 0;
			defaultConfigurationName = Release;
		};
		E362A3592C167A0600404105 /* Build configuration list for PBXNativeTarget "AudioUITests" */ = {
			isa = XCConfigurationList;
			buildConfigurations = (
				E362A35A2C167A0600404105 /* Debug */,
				E362A35B2C167A0600404105 /* Release */,
			);
			defaultConfigurationIsVisible = 0;
			defaultConfigurationName = Release;
		};
/* End XCConfigurationList section */
	};
	rootObject = E362A3212C167A0500404105 /* Project object */;
}
