// !$*UTF8*$!
{
	archiveVersion = 1;
	classes = {
	};
	objectVersion = 56;
	objects = {

/* Begin PBXBuildFile section */
		E36E11332BEC489800B73A2C /* AppDelegate.swift in Sources */ = {isa = PBXBuildFile; fileRef = E36E11322BEC489800B73A2C /* AppDelegate.swift */; };
		E36E11352BEC489800B73A2C /* SceneDelegate.swift in Sources */ = {isa = PBXBuildFile; fileRef = E36E11342BEC489800B73A2C /* SceneDelegate.swift */; };
		E36E11372BEC489800B73A2C /* ViewController.swift in Sources */ = {isa = PBXBuildFile; fileRef = E36E11362BEC489800B73A2C /* ViewController.swift */; };
		E36E113A2BEC489800B73A2C /* Base in Resources */ = {isa = PBXBuildFile; fileRef = E36E11392BEC489800B73A2C /* Base */; };
		E36E113C2BEC489800B73A2C /* Assets.xcassets in Resources */ = {isa = PBXBuildFile; fileRef = E36E113B2BEC489800B73A2C /* Assets.xcassets */; };
		E36E113F2BEC489800B73A2C /* Base in Resources */ = {isa = PBXBuildFile; fileRef = E36E113E2BEC489800B73A2C /* Base */; };
		E36E114A2BEC489900B73A2C /* mapViewTests.swift in Sources */ = {isa = PBXBuildFile; fileRef = E36E11492BEC489900B73A2C /* mapViewTests.swift */; };
		E36E11542BEC489900B73A2C /* mapViewUITests.swift in Sources */ = {isa = PBXBuildFile; fileRef = E36E11532BEC489900B73A2C /* mapViewUITests.swift */; };
		E36E11562BEC489900B73A2C /* mapViewUITestsLaunchTests.swift in Sources */ = {isa = PBXBuildFile; fileRef = E36E11552BEC489900B73A2C /* mapViewUITestsLaunchTests.swift */; };
/* End PBXBuildFile section */

/* Begin PBXContainerItemProxy section */
		E36E11462BEC489900B73A2C /* PBXContainerItemProxy */ = {
			isa = PBXContainerItemProxy;
			containerPortal = E36E11272BEC489700B73A2C /* Project object */;
			proxyType = 1;
			remoteGlobalIDString = E36E112E2BEC489800B73A2C;
			remoteInfo = mapView;
		};
		E36E11502BEC489900B73A2C /* PBXContainerItemProxy */ = {
			isa = PBXContainerItemProxy;
			containerPortal = E36E11272BEC489700B73A2C /* Project object */;
			proxyType = 1;
			remoteGlobalIDString = E36E112E2BEC489800B73A2C;
			remoteInfo = mapView;
		};
/* End PBXContainerItemProxy section */

/* Begin PBXFileReference section */
		E36E112F2BEC489800B73A2C /* mapView.app */ = {isa = PBXFileReference; explicitFileType = wrapper.application; includeInIndex = 0; path = mapView.app; sourceTree = BUILT_PRODUCTS_DIR; };
		E36E11322BEC489800B73A2C /* AppDelegate.swift */ = {isa = PBXFileReference; lastKnownFileType = sourcecode.swift; path = AppDelegate.swift; sourceTree = "<group>"; };
		E36E11342BEC489800B73A2C /* SceneDelegate.swift */ = {isa = PBXFileReference; lastKnownFileType = sourcecode.swift; path = SceneDelegate.swift; sourceTree = "<group>"; };
		E36E11362BEC489800B73A2C /* ViewController.swift */ = {isa = PBXFileReference; lastKnownFileType = sourcecode.swift; path = ViewController.swift; sourceTree = "<group>"; };
		E36E11392BEC489800B73A2C /* Base */ = {isa = PBXFileReference; lastKnownFileType = file.storyboard; name = Base; path = Base.lproj/Main.storyboard; sourceTree = "<group>"; };
		E36E113B2BEC489800B73A2C /* Assets.xcassets */ = {isa = PBXFileReference; lastKnownFileType = folder.assetcatalog; path = Assets.xcassets; sourceTree = "<group>"; };
		E36E113E2BEC489800B73A2C /* Base */ = {isa = PBXFileReference; lastKnownFileType = file.storyboard; name = Base; path = Base.lproj/LaunchScreen.storyboard; sourceTree = "<group>"; };
		E36E11402BEC489800B73A2C /* Info.plist */ = {isa = PBXFileReference; lastKnownFileType = text.plist.xml; path = Info.plist; sourceTree = "<group>"; };
		E36E11452BEC489900B73A2C /* mapViewTests.xctest */ = {isa = PBXFileReference; explicitFileType = wrapper.cfbundle; includeInIndex = 0; path = mapViewTests.xctest; sourceTree = BUILT_PRODUCTS_DIR; };
		E36E11492BEC489900B73A2C /* mapViewTests.swift */ = {isa = PBXFileReference; lastKnownFileType = sourcecode.swift; path = mapViewTests.swift; sourceTree = "<group>"; };
		E36E114F2BEC489900B73A2C /* mapViewUITests.xctest */ = {isa = PBXFileReference; explicitFileType = wrapper.cfbundle; includeInIndex = 0; path = mapViewUITests.xctest; sourceTree = BUILT_PRODUCTS_DIR; };
		E36E11532BEC489900B73A2C /* mapViewUITests.swift */ = {isa = PBXFileReference; lastKnownFileType = sourcecode.swift; path = mapViewUITests.swift; sourceTree = "<group>"; };
		E36E11552BEC489900B73A2C /* mapViewUITestsLaunchTests.swift */ = {isa = PBXFileReference; lastKnownFileType = sourcecode.swift; path = mapViewUITestsLaunchTests.swift; sourceTree = "<group>"; };
/* End PBXFileReference section */

/* Begin PBXFrameworksBuildPhase section */
		E36E112C2BEC489800B73A2C /* Frameworks */ = {
			isa = PBXFrameworksBuildPhase;
			buildActionMask = 2147483647;
			files = (
			);
			runOnlyForDeploymentPostprocessing = 0;
		};
		E36E11422BEC489900B73A2C /* Frameworks */ = {
			isa = PBXFrameworksBuildPhase;
			buildActionMask = 2147483647;
			files = (
			);
			runOnlyForDeploymentPostprocessing = 0;
		};
		E36E114C2BEC489900B73A2C /* Frameworks */ = {
			isa = PBXFrameworksBuildPhase;
			buildActionMask = 2147483647;
			files = (
			);
			runOnlyForDeploymentPostprocessing = 0;
		};
/* End PBXFrameworksBuildPhase section */

/* Begin PBXGroup section */
		E36E11262BEC489700B73A2C = {
			isa = PBXGroup;
			children = (
				E36E11312BEC489800B73A2C /* mapView */,
				E36E11482BEC489900B73A2C /* mapViewTests */,
				E36E11522BEC489900B73A2C /* mapViewUITests */,
				E36E11302BEC489800B73A2C /* Products */,
			);
			sourceTree = "<group>";
		};
		E36E11302BEC489800B73A2C /* Products */ = {
			isa = PBXGroup;
			children = (
				E36E112F2BEC489800B73A2C /* mapView.app */,
				E36E11452BEC489900B73A2C /* mapViewTests.xctest */,
				E36E114F2BEC489900B73A2C /* mapViewUITests.xctest */,
			);
			name = Products;
			sourceTree = "<group>";
		};
		E36E11312BEC489800B73A2C /* mapView */ = {
			isa = PBXGroup;
			children = (
				E36E11322BEC489800B73A2C /* AppDelegate.swift */,
				E36E11342BEC489800B73A2C /* SceneDelegate.swift */,
				E36E11362BEC489800B73A2C /* ViewController.swift */,
				E36E11382BEC489800B73A2C /* Main.storyboard */,
				E36E113B2BEC489800B73A2C /* Assets.xcassets */,
				E36E113D2BEC489800B73A2C /* LaunchScreen.storyboard */,
				E36E11402BEC489800B73A2C /* Info.plist */,
			);
			path = mapView;
			sourceTree = "<group>";
		};
		E36E11482BEC489900B73A2C /* mapViewTests */ = {
			isa = PBXGroup;
			children = (
				E36E11492BEC489900B73A2C /* mapViewTests.swift */,
			);
			path = mapViewTests;
			sourceTree = "<group>";
		};
		E36E11522BEC489900B73A2C /* mapViewUITests */ = {
			isa = PBXGroup;
			children = (
				E36E11532BEC489900B73A2C /* mapViewUITests.swift */,
				E36E11552BEC489900B73A2C /* mapViewUITestsLaunchTests.swift */,
			);
			path = mapViewUITests;
			sourceTree = "<group>";
		};
/* End PBXGroup section */

/* Begin PBXNativeTarget section */
		E36E112E2BEC489800B73A2C /* mapView */ = {
			isa = PBXNativeTarget;
			buildConfigurationList = E36E11592BEC489900B73A2C /* Build configuration list for PBXNativeTarget "mapView" */;
			buildPhases = (
				E36E112B2BEC489800B73A2C /* Sources */,
				E36E112C2BEC489800B73A2C /* Frameworks */,
				E36E112D2BEC489800B73A2C /* Resources */,
			);
			buildRules = (
			);
			dependencies = (
			);
			name = mapView;
			productName = mapView;
			productReference = E36E112F2BEC489800B73A2C /* mapView.app */;
			productType = "com.apple.product-type.application";
		};
		E36E11442BEC489900B73A2C /* mapViewTests */ = {
			isa = PBXNativeTarget;
			buildConfigurationList = E36E115C2BEC489900B73A2C /* Build configuration list for PBXNativeTarget "mapViewTests" */;
			buildPhases = (
				E36E11412BEC489900B73A2C /* Sources */,
				E36E11422BEC489900B73A2C /* Frameworks */,
				E36E11432BEC489900B73A2C /* Resources */,
			);
			buildRules = (
			);
			dependencies = (
				E36E11472BEC489900B73A2C /* PBXTargetDependency */,
			);
			name = mapViewTests;
			productName = mapViewTests;
			productReference = E36E11452BEC489900B73A2C /* mapViewTests.xctest */;
			productType = "com.apple.product-type.bundle.unit-test";
		};
		E36E114E2BEC489900B73A2C /* mapViewUITests */ = {
			isa = PBXNativeTarget;
			buildConfigurationList = E36E115F2BEC489900B73A2C /* Build configuration list for PBXNativeTarget "mapViewUITests" */;
			buildPhases = (
				E36E114B2BEC489900B73A2C /* Sources */,
				E36E114C2BEC489900B73A2C /* Frameworks */,
				E36E114D2BEC489900B73A2C /* Resources */,
			);
			buildRules = (
			);
			dependencies = (
				E36E11512BEC489900B73A2C /* PBXTargetDependency */,
			);
			name = mapViewUITests;
			productName = mapViewUITests;
			productReference = E36E114F2BEC489900B73A2C /* mapViewUITests.xctest */;
			productType = "com.apple.product-type.bundle.ui-testing";
		};
/* End PBXNativeTarget section */

/* Begin PBXProject section */
		E36E11272BEC489700B73A2C /* Project object */ = {
			isa = PBXProject;
			attributes = {
				BuildIndependentTargetsInParallel = 1;
				LastSwiftUpdateCheck = 1530;
				LastUpgradeCheck = 1530;
				TargetAttributes = {
					E36E112E2BEC489800B73A2C = {
						CreatedOnToolsVersion = 15.3;
					};
					E36E11442BEC489900B73A2C = {
						CreatedOnToolsVersion = 15.3;
						TestTargetID = E36E112E2BEC489800B73A2C;
					};
					E36E114E2BEC489900B73A2C = {
						CreatedOnToolsVersion = 15.3;
						TestTargetID = E36E112E2BEC489800B73A2C;
					};
				};
			};
			buildConfigurationList = E36E112A2BEC489700B73A2C /* Build configuration list for PBXProject "mapView" */;
			compatibilityVersion = "Xcode 14.0";
			developmentRegion = en;
			hasScannedForEncodings = 0;
			knownRegions = (
				en,
				Base,
			);
			mainGroup = E36E11262BEC489700B73A2C;
			productRefGroup = E36E11302BEC489800B73A2C /* Products */;
			projectDirPath = "";
			projectRoot = "";
			targets = (
				E36E112E2BEC489800B73A2C /* mapView */,
				E36E11442BEC489900B73A2C /* mapViewTests */,
				E36E114E2BEC489900B73A2C /* mapViewUITests */,
			);
		};
/* End PBXProject section */

/* Begin PBXResourcesBuildPhase section */
		E36E112D2BEC489800B73A2C /* Resources */ = {
			isa = PBXResourcesBuildPhase;
			buildActionMask = 2147483647;
			files = (
				E36E113C2BEC489800B73A2C /* Assets.xcassets in Resources */,
				E36E113F2BEC489800B73A2C /* Base in Resources */,
				E36E113A2BEC489800B73A2C /* Base in Resources */,
			);
			runOnlyForDeploymentPostprocessing = 0;
		};
		E36E11432BEC489900B73A2C /* Resources */ = {
			isa = PBXResourcesBuildPhase;
			buildActionMask = 2147483647;
			files = (
			);
			runOnlyForDeploymentPostprocessing = 0;
		};
		E36E114D2BEC489900B73A2C /* Resources */ = {
			isa = PBXResourcesBuildPhase;
			buildActionMask = 2147483647;
			files = (
			);
			runOnlyForDeploymentPostprocessing = 0;
		};
/* End PBXResourcesBuildPhase section */

/* Begin PBXSourcesBuildPhase section */
		E36E112B2BEC489800B73A2C /* Sources */ = {
			isa = PBXSourcesBuildPhase;
			buildActionMask = 2147483647;
			files = (
				E36E11372BEC489800B73A2C /* ViewController.swift in Sources */,
				E36E11332BEC489800B73A2C /* AppDelegate.swift in Sources */,
				E36E11352BEC489800B73A2C /* SceneDelegate.swift in Sources */,
			);
			runOnlyForDeploymentPostprocessing = 0;
		};
		E36E11412BEC489900B73A2C /* Sources */ = {
			isa = PBXSourcesBuildPhase;
			buildActionMask = 2147483647;
			files = (
				E36E114A2BEC489900B73A2C /* mapViewTests.swift in Sources */,
			);
			runOnlyForDeploymentPostprocessing = 0;
		};
		E36E114B2BEC489900B73A2C /* Sources */ = {
			isa = PBXSourcesBuildPhase;
			buildActionMask = 2147483647;
			files = (
				E36E11562BEC489900B73A2C /* mapViewUITestsLaunchTests.swift in Sources */,
				E36E11542BEC489900B73A2C /* mapViewUITests.swift in Sources */,
			);
			runOnlyForDeploymentPostprocessing = 0;
		};
/* End PBXSourcesBuildPhase section */

/* Begin PBXTargetDependency section */
		E36E11472BEC489900B73A2C /* PBXTargetDependency */ = {
			isa = PBXTargetDependency;
			target = E36E112E2BEC489800B73A2C /* mapView */;
			targetProxy = E36E11462BEC489900B73A2C /* PBXContainerItemProxy */;
		};
		E36E11512BEC489900B73A2C /* PBXTargetDependency */ = {
			isa = PBXTargetDependency;
			target = E36E112E2BEC489800B73A2C /* mapView */;
			targetProxy = E36E11502BEC489900B73A2C /* PBXContainerItemProxy */;
		};
/* End PBXTargetDependency section */

/* Begin PBXVariantGroup section */
		E36E11382BEC489800B73A2C /* Main.storyboard */ = {
			isa = PBXVariantGroup;
			children = (
				E36E11392BEC489800B73A2C /* Base */,
			);
			name = Main.storyboard;
			sourceTree = "<group>";
		};
		E36E113D2BEC489800B73A2C /* LaunchScreen.storyboard */ = {
			isa = PBXVariantGroup;
			children = (
				E36E113E2BEC489800B73A2C /* Base */,
			);
			name = LaunchScreen.storyboard;
			sourceTree = "<group>";
		};
/* End PBXVariantGroup section */

/* Begin XCBuildConfiguration section */
		E36E11572BEC489900B73A2C /* Debug */ = {
			isa = XCBuildConfiguration;
			buildSettings = {
				ALWAYS_SEARCH_USER_PATHS = NO;
				ASSETCATALOG_COMPILER_GENERATE_SWIFT_ASSET_SYMBOL_EXTENSIONS = YES;
				CLANG_ANALYZER_NONNULL = YES;
				CLANG_ANALYZER_NUMBER_OBJECT_CONVERSION = YES_AGGRESSIVE;
				CLANG_CXX_LANGUAGE_STANDARD = "gnu++20";
				CLANG_ENABLE_MODULES = YES;
				CLANG_ENABLE_OBJC_ARC = YES;
				CLANG_ENABLE_OBJC_WEAK = YES;
				CLANG_WARN_BLOCK_CAPTURE_AUTORELEASING = YES;
				CLANG_WARN_BOOL_CONVERSION = YES;
				CLANG_WARN_COMMA = YES;
				CLANG_WARN_CONSTANT_CONVERSION = YES;
				CLANG_WARN_DEPRECATED_OBJC_IMPLEMENTATIONS = YES;
				CLANG_WARN_DIRECT_OBJC_ISA_USAGE = YES_ERROR;
				CLANG_WARN_DOCUMENTATION_COMMENTS = YES;
				CLANG_WARN_EMPTY_BODY = YES;
				CLANG_WARN_ENUM_CONVERSION = YES;
				CLANG_WARN_INFINITE_RECURSION = YES;
				CLANG_WARN_INT_CONVERSION = YES;
				CLANG_WARN_NON_LITERAL_NULL_CONVERSION = YES;
				CLANG_WARN_OBJC_IMPLICIT_RETAIN_SELF = YES;
				CLANG_WARN_OBJC_LITERAL_CONVERSION = YES;
				CLANG_WARN_OBJC_ROOT_CLASS = YES_ERROR;
				CLANG_WARN_QUOTED_INCLUDE_IN_FRAMEWORK_HEADER = YES;
				CLANG_WARN_RANGE_LOOP_ANALYSIS = YES;
				CLANG_WARN_STRICT_PROTOTYPES = YES;
				CLANG_WARN_SUSPICIOUS_MOVE = YES;
				CLANG_WARN_UNGUARDED_AVAILABILITY = YES_AGGRESSIVE;
				CLANG_WARN_UNREACHABLE_CODE = YES;
				CLANG_WARN__DUPLICATE_METHOD_MATCH = YES;
				COPY_PHASE_STRIP = NO;
				DEBUG_INFORMATION_FORMAT = dwarf;
				ENABLE_STRICT_OBJC_MSGSEND = YES;
				ENABLE_TESTABILITY = YES;
				ENABLE_USER_SCRIPT_SANDBOXING = YES;
				GCC_C_LANGUAGE_STANDARD = gnu17;
				GCC_DYNAMIC_NO_PIC = NO;
				GCC_NO_COMMON_BLOCKS = YES;
				GCC_OPTIMIZATION_LEVEL = 0;
				GCC_PREPROCESSOR_DEFINITIONS = (
					"DEBUG=1",
					"$(inherited)",
				);
				GCC_WARN_64_TO_32_BIT_CONVERSION = YES;
				GCC_WARN_ABOUT_RETURN_TYPE = YES_ERROR;
				GCC_WARN_UNDECLARED_SELECTOR = YES;
				GCC_WARN_UNINITIALIZED_AUTOS = YES_AGGRESSIVE;
				GCC_WARN_UNUSED_FUNCTION = YES;
				GCC_WARN_UNUSED_VARIABLE = YES;
				IPHONEOS_DEPLOYMENT_TARGET = 17.4;
				LOCALIZATION_PREFERS_STRING_CATALOGS = YES;
				MTL_ENABLE_DEBUG_INFO = INCLUDE_SOURCE;
				MTL_FAST_MATH = YES;
				ONLY_ACTIVE_ARCH = YES;
				SDKROOT = iphoneos;
				SWIFT_ACTIVE_COMPILATION_CONDITIONS = "DEBUG $(inherited)";
				SWIFT_OPTIMIZATION_LEVEL = "-Onone";
			};
			name = Debug;
		};
		E36E11582BEC489900B73A2C /* Release */ = {
			isa = XCBuildConfiguration;
			buildSettings = {
				ALWAYS_SEARCH_USER_PATHS = NO;
				ASSETCATALOG_COMPILER_GENERATE_SWIFT_ASSET_SYMBOL_EXTENSIONS = YES;
				CLANG_ANALYZER_NONNULL = YES;
				CLANG_ANALYZER_NUMBER_OBJECT_CONVERSION = YES_AGGRESSIVE;
				CLANG_CXX_LANGUAGE_STANDARD = "gnu++20";
				CLANG_ENABLE_MODULES = YES;
				CLANG_ENABLE_OBJC_ARC = YES;
				CLANG_ENABLE_OBJC_WEAK = YES;
				CLANG_WARN_BLOCK_CAPTURE_AUTORELEASING = YES;
				CLANG_WARN_BOOL_CONVERSION = YES;
				CLANG_WARN_COMMA = YES;
				CLANG_WARN_CONSTANT_CONVERSION = YES;
				CLANG_WARN_DEPRECATED_OBJC_IMPLEMENTATIONS = YES;
				CLANG_WARN_DIRECT_OBJC_ISA_USAGE = YES_ERROR;
				CLANG_WARN_DOCUMENTATION_COMMENTS = YES;
				CLANG_WARN_EMPTY_BODY = YES;
				CLANG_WARN_ENUM_CONVERSION = YES;
				CLANG_WARN_INFINITE_RECURSION = YES;
				CLANG_WARN_INT_CONVERSION = YES;
				CLANG_WARN_NON_LITERAL_NULL_CONVERSION = YES;
				CLANG_WARN_OBJC_IMPLICIT_RETAIN_SELF = YES;
				CLANG_WARN_OBJC_LITERAL_CONVERSION = YES;
				CLANG_WARN_OBJC_ROOT_CLASS = YES_ERROR;
				CLANG_WARN_QUOTED_INCLUDE_IN_FRAMEWORK_HEADER = YES;
				CLANG_WARN_RANGE_LOOP_ANALYSIS = YES;
				CLANG_WARN_STRICT_PROTOTYPES = YES;
				CLANG_WARN_SUSPICIOUS_MOVE = YES;
				CLANG_WARN_UNGUARDED_AVAILABILITY = YES_AGGRESSIVE;
				CLANG_WARN_UNREACHABLE_CODE = YES;
				CLANG_WARN__DUPLICATE_METHOD_MATCH = YES;
				COPY_PHASE_STRIP = NO;
				DEBUG_INFORMATION_FORMAT = "dwarf-with-dsym";
				ENABLE_NS_ASSERTIONS = NO;
				ENABLE_STRICT_OBJC_MSGSEND = YES;
				ENABLE_USER_SCRIPT_SANDBOXING = YES;
				GCC_C_LANGUAGE_STANDARD = gnu17;
				GCC_NO_COMMON_BLOCKS = YES;
				GCC_WARN_64_TO_32_BIT_CONVERSION = YES;
				GCC_WARN_ABOUT_RETURN_TYPE = YES_ERROR;
				GCC_WARN_UNDECLARED_SELECTOR = YES;
				GCC_WARN_UNINITIALIZED_AUTOS = YES_AGGRESSIVE;
				GCC_WARN_UNUSED_FUNCTION = YES;
				GCC_WARN_UNUSED_VARIABLE = YES;
				IPHONEOS_DEPLOYMENT_TARGET = 17.4;
				LOCALIZATION_PREFERS_STRING_CATALOGS = YES;
				MTL_ENABLE_DEBUG_INFO = NO;
				MTL_FAST_MATH = YES;
				SDKROOT = iphoneos;
				SWIFT_COMPILATION_MODE = wholemodule;
				VALIDATE_PRODUCT = YES;
			};
			name = Release;
		};
		E36E115A2BEC489900B73A2C /* Debug */ = {
			isa = XCBuildConfiguration;
			buildSettings = {
				ASSETCATALOG_COMPILER_APPICON_NAME = AppIcon;
				ASSETCATALOG_COMPILER_GLOBAL_ACCENT_COLOR_NAME = AccentColor;
				CODE_SIGN_STYLE = Automatic;
				CURRENT_PROJECT_VERSION = 1;
				GENERATE_INFOPLIST_FILE = YES;
				INFOPLIST_FILE = mapView/Info.plist;
				INFOPLIST_KEY_UIApplicationSupportsIndirectInputEvents = YES;
				INFOPLIST_KEY_UILaunchStoryboardName = LaunchScreen;
				INFOPLIST_KEY_UIMainStoryboardFile = Main;
				INFOPLIST_KEY_UISupportedInterfaceOrientations_iPad = "UIInterfaceOrientationPortrait UIInterfaceOrientationPortraitUpsideDown UIInterfaceOrientationLandscapeLeft UIInterfaceOrientationLandscapeRight";
				INFOPLIST_KEY_UISupportedInterfaceOrientations_iPhone = "UIInterfaceOrientationPortrait UIInterfaceOrientationLandscapeLeft UIInterfaceOrientationLandscapeRight";
				LD_RUNPATH_SEARCH_PATHS = (
					"$(inherited)",
					"@executable_path/Frameworks",
				);
				MARKETING_VERSION = 1.0;
				PRODUCT_BUNDLE_IDENTIFIER = DH.mapView;
				PRODUCT_NAME = "$(TARGET_NAME)";
				SWIFT_EMIT_LOC_STRINGS = YES;
				SWIFT_VERSION = 5.0;
				TARGETED_DEVICE_FAMILY = "1,2";
			};
			name = Debug;
		};
		E36E115B2BEC489900B73A2C /* Release */ = {
			isa = XCBuildConfiguration;
			buildSettings = {
				ASSETCATALOG_COMPILER_APPICON_NAME = AppIcon;
				ASSETCATALOG_COMPILER_GLOBAL_ACCENT_COLOR_NAME = AccentColor;
				CODE_SIGN_STYLE = Automatic;
				CURRENT_PROJECT_VERSION = 1;
				GENERATE_INFOPLIST_FILE = YES;
				INFOPLIST_FILE = mapView/Info.plist;
				INFOPLIST_KEY_UIApplicationSupportsIndirectInputEvents = YES;
				INFOPLIST_KEY_UILaunchStoryboardName = LaunchScreen;
				INFOPLIST_KEY_UIMainStoryboardFile = Main;
				INFOPLIST_KEY_UISupportedInterfaceOrientations_iPad = "UIInterfaceOrientationPortrait UIInterfaceOrientationPortraitUpsideDown UIInterfaceOrientationLandscapeLeft UIInterfaceOrientationLandscapeRight";
				INFOPLIST_KEY_UISupportedInterfaceOrientations_iPhone = "UIInterfaceOrientationPortrait UIInterfaceOrientationLandscapeLeft UIInterfaceOrientationLandscapeRight";
				LD_RUNPATH_SEARCH_PATHS = (
					"$(inherited)",
					"@executable_path/Frameworks",
				);
				MARKETING_VERSION = 1.0;
				PRODUCT_BUNDLE_IDENTIFIER = DH.mapView;
				PRODUCT_NAME = "$(TARGET_NAME)";
				SWIFT_EMIT_LOC_STRINGS = YES;
				SWIFT_VERSION = 5.0;
				TARGETED_DEVICE_FAMILY = "1,2";
			};
			name = Release;
		};
		E36E115D2BEC489900B73A2C /* Debug */ = {
			isa = XCBuildConfiguration;
			buildSettings = {
				ALWAYS_EMBED_SWIFT_STANDARD_LIBRARIES = YES;
				BUNDLE_LOADER = "$(TEST_HOST)";
				CODE_SIGN_STYLE = Automatic;
				CURRENT_PROJECT_VERSION = 1;
				GENERATE_INFOPLIST_FILE = YES;
				IPHONEOS_DEPLOYMENT_TARGET = 17.4;
				MARKETING_VERSION = 1.0;
				PRODUCT_BUNDLE_IDENTIFIER = DH.mapViewTests;
				PRODUCT_NAME = "$(TARGET_NAME)";
				SWIFT_EMIT_LOC_STRINGS = NO;
				SWIFT_VERSION = 5.0;
				TARGETED_DEVICE_FAMILY = "1,2";
				TEST_HOST = "$(BUILT_PRODUCTS_DIR)/mapView.app/$(BUNDLE_EXECUTABLE_FOLDER_PATH)/mapView";
			};
			name = Debug;
		};
		E36E115E2BEC489900B73A2C /* Release */ = {
			isa = XCBuildConfiguration;
			buildSettings = {
				ALWAYS_EMBED_SWIFT_STANDARD_LIBRARIES = YES;
				BUNDLE_LOADER = "$(TEST_HOST)";
				CODE_SIGN_STYLE = Automatic;
				CURRENT_PROJECT_VERSION = 1;
				GENERATE_INFOPLIST_FILE = YES;
				IPHONEOS_DEPLOYMENT_TARGET = 17.4;
				MARKETING_VERSION = 1.0;
				PRODUCT_BUNDLE_IDENTIFIER = DH.mapViewTests;
				PRODUCT_NAME = "$(TARGET_NAME)";
				SWIFT_EMIT_LOC_STRINGS = NO;
				SWIFT_VERSION = 5.0;
				TARGETED_DEVICE_FAMILY = "1,2";
				TEST_HOST = "$(BUILT_PRODUCTS_DIR)/mapView.app/$(BUNDLE_EXECUTABLE_FOLDER_PATH)/mapView";
			};
			name = Release;
		};
		E36E11602BEC489900B73A2C /* Debug */ = {
			isa = XCBuildConfiguration;
			buildSettings = {
				ALWAYS_EMBED_SWIFT_STANDARD_LIBRARIES = YES;
				CODE_SIGN_STYLE = Automatic;
				CURRENT_PROJECT_VERSION = 1;
				GENERATE_INFOPLIST_FILE = YES;
				MARKETING_VERSION = 1.0;
				PRODUCT_BUNDLE_IDENTIFIER = DH.mapViewUITests;
				PRODUCT_NAME = "$(TARGET_NAME)";
				SWIFT_EMIT_LOC_STRINGS = NO;
				SWIFT_VERSION = 5.0;
				TARGETED_DEVICE_FAMILY = "1,2";
				TEST_TARGET_NAME = mapView;
			};
			name = Debug;
		};
		E36E11612BEC489900B73A2C /* Release */ = {
			isa = XCBuildConfiguration;
			buildSettings = {
				ALWAYS_EMBED_SWIFT_STANDARD_LIBRARIES = YES;
				CODE_SIGN_STYLE = Automatic;
				CURRENT_PROJECT_VERSION = 1;
				GENERATE_INFOPLIST_FILE = YES;
				MARKETING_VERSION = 1.0;
				PRODUCT_BUNDLE_IDENTIFIER = DH.mapViewUITests;
				PRODUCT_NAME = "$(TARGET_NAME)";
				SWIFT_EMIT_LOC_STRINGS = NO;
				SWIFT_VERSION = 5.0;
				TARGETED_DEVICE_FAMILY = "1,2";
				TEST_TARGET_NAME = mapView;
			};
			name = Release;
		};
/* End XCBuildConfiguration section */

/* Begin XCConfigurationList section */
		E36E112A2BEC489700B73A2C /* Build configuration list for PBXProject "mapView" */ = {
			isa = XCConfigurationList;
			buildConfigurations = (
				E36E11572BEC489900B73A2C /* Debug */,
				E36E11582BEC489900B73A2C /* Release */,
			);
			defaultConfigurationIsVisible = 0;
			defaultConfigurationName = Release;
		};
		E36E11592BEC489900B73A2C /* Build configuration list for PBXNativeTarget "mapView" */ = {
			isa = XCConfigurationList;
			buildConfigurations = (
				E36E115A2BEC489900B73A2C /* Debug */,
				E36E115B2BEC489900B73A2C /* Release */,
			);
			defaultConfigurationIsVisible = 0;
			defaultConfigurationName = Release;
		};
		E36E115C2BEC489900B73A2C /* Build configuration list for PBXNativeTarget "mapViewTests" */ = {
			isa = XCConfigurationList;
			buildConfigurations = (
				E36E115D2BEC489900B73A2C /* Debug */,
				E36E115E2BEC489900B73A2C /* Release */,
			);
			defaultConfigurationIsVisible = 0;
			defaultConfigurationName = Release;
		};
		E36E115F2BEC489900B73A2C /* Build configuration list for PBXNativeTarget "mapViewUITests" */ = {
			isa = XCConfigurationList;
			buildConfigurations = (
				E36E11602BEC489900B73A2C /* Debug */,
				E36E11612BEC489900B73A2C /* Release */,
			);
			defaultConfigurationIsVisible = 0;
			defaultConfigurationName = Release;
		};
/* End XCConfigurationList section */
	};
	rootObject = E36E11272BEC489700B73A2C /* Project object */;
}
