// !$*UTF8*$!
{
	archiveVersion = 1;
	classes = {
	};
	objectVersion = 56;
	objects = {

/* Begin PBXBuildFile section */
		E3B75EE72BABB32400E6C42B /* AppDelegate.swift in Sources */ = {isa = PBXBuildFile; fileRef = E3B75EE62BABB32400E6C42B /* AppDelegate.swift */; };
		E3B75EE92BABB32400E6C42B /* SceneDelegate.swift in Sources */ = {isa = PBXBuildFile; fileRef = E3B75EE82BABB32400E6C42B /* SceneDelegate.swift */; };
		E3B75EEB2BABB32400E6C42B /* ViewController.swift in Sources */ = {isa = PBXBuildFile; fileRef = E3B75EEA2BABB32400E6C42B /* ViewController.swift */; };
		E3B75EEE2BABB32400E6C42B /* Base in Resources */ = {isa = PBXBuildFile; fileRef = E3B75EED2BABB32400E6C42B /* Base */; };
		E3B75EF02BABB32500E6C42B /* Assets.xcassets in Resources */ = {isa = PBXBuildFile; fileRef = E3B75EEF2BABB32500E6C42B /* Assets.xcassets */; };
		E3B75EF32BABB32500E6C42B /* Base in Resources */ = {isa = PBXBuildFile; fileRef = E3B75EF22BABB32500E6C42B /* Base */; };
		E3B75EFE2BABB32500E6C42B /* helloWorldTests.swift in Sources */ = {isa = PBXBuildFile; fileRef = E3B75EFD2BABB32500E6C42B /* helloWorldTests.swift */; };
		E3B75F082BABB32500E6C42B /* helloWorldUITests.swift in Sources */ = {isa = PBXBuildFile; fileRef = E3B75F072BABB32500E6C42B /* helloWorldUITests.swift */; };
		E3B75F0A2BABB32500E6C42B /* helloWorldUITestsLaunchTests.swift in Sources */ = {isa = PBXBuildFile; fileRef = E3B75F092BABB32500E6C42B /* helloWorldUITestsLaunchTests.swift */; };
/* End PBXBuildFile section */

/* Begin PBXContainerItemProxy section */
		E3B75EFA2BABB32500E6C42B /* PBXContainerItemProxy */ = {
			isa = PBXContainerItemProxy;
			containerPortal = E3B75EDB2BABB32400E6C42B /* Project object */;
			proxyType = 1;
			remoteGlobalIDString = E3B75EE22BABB32400E6C42B;
			remoteInfo = helloWorld;
		};
		E3B75F042BABB32500E6C42B /* PBXContainerItemProxy */ = {
			isa = PBXContainerItemProxy;
			containerPortal = E3B75EDB2BABB32400E6C42B /* Project object */;
			proxyType = 1;
			remoteGlobalIDString = E3B75EE22BABB32400E6C42B;
			remoteInfo = helloWorld;
		};
/* End PBXContainerItemProxy section */

/* Begin PBXFileReference section */
		E3B75EE32BABB32400E6C42B /* helloWorld.app */ = {isa = PBXFileReference; explicitFileType = wrapper.application; includeInIndex = 0; path = helloWorld.app; sourceTree = BUILT_PRODUCTS_DIR; };
		E3B75EE62BABB32400E6C42B /* AppDelegate.swift */ = {isa = PBXFileReference; lastKnownFileType = sourcecode.swift; path = AppDelegate.swift; sourceTree = "<group>"; };
		E3B75EE82BABB32400E6C42B /* SceneDelegate.swift */ = {isa = PBXFileReference; lastKnownFileType = sourcecode.swift; path = SceneDelegate.swift; sourceTree = "<group>"; };
		E3B75EEA2BABB32400E6C42B /* ViewController.swift */ = {isa = PBXFileReference; lastKnownFileType = sourcecode.swift; path = ViewController.swift; sourceTree = "<group>"; };
		E3B75EED2BABB32400E6C42B /* Base */ = {isa = PBXFileReference; lastKnownFileType = file.storyboard; name = Base; path = Base.lproj/Main.storyboard; sourceTree = "<group>"; };
		E3B75EEF2BABB32500E6C42B /* Assets.xcassets */ = {isa = PBXFileReference; lastKnownFileType = folder.assetcatalog; path = Assets.xcassets; sourceTree = "<group>"; };
		E3B75EF22BABB32500E6C42B /* Base */ = {isa = PBXFileReference; lastKnownFileType = file.storyboard; name = Base; path = Base.lproj/LaunchScreen.storyboard; sourceTree = "<group>"; };
		E3B75EF42BABB32500E6C42B /* Info.plist */ = {isa = PBXFileReference; lastKnownFileType = text.plist.xml; path = Info.plist; sourceTree = "<group>"; };
		E3B75EF92BABB32500E6C42B /* helloWorldTests.xctest */ = {isa = PBXFileReference; explicitFileType = wrapper.cfbundle; includeInIndex = 0; path = helloWorldTests.xctest; sourceTree = BUILT_PRODUCTS_DIR; };
		E3B75EFD2BABB32500E6C42B /* helloWorldTests.swift */ = {isa = PBXFileReference; lastKnownFileType = sourcecode.swift; path = helloWorldTests.swift; sourceTree = "<group>"; };
		E3B75F032BABB32500E6C42B /* helloWorldUITests.xctest */ = {isa = PBXFileReference; explicitFileType = wrapper.cfbundle; includeInIndex = 0; path = helloWorldUITests.xctest; sourceTree = BUILT_PRODUCTS_DIR; };
		E3B75F072BABB32500E6C42B /* helloWorldUITests.swift */ = {isa = PBXFileReference; lastKnownFileType = sourcecode.swift; path = helloWorldUITests.swift; sourceTree = "<group>"; };
		E3B75F092BABB32500E6C42B /* helloWorldUITestsLaunchTests.swift */ = {isa = PBXFileReference; lastKnownFileType = sourcecode.swift; path = helloWorldUITestsLaunchTests.swift; sourceTree = "<group>"; };
/* End PBXFileReference section */

/* Begin PBXFrameworksBuildPhase section */
		E3B75EE02BABB32400E6C42B /* Frameworks */ = {
			isa = PBXFrameworksBuildPhase;
			buildActionMask = 2147483647;
			files = (
			);
			runOnlyForDeploymentPostprocessing = 0;
		};
		E3B75EF62BABB32500E6C42B /* Frameworks */ = {
			isa = PBXFrameworksBuildPhase;
			buildActionMask = 2147483647;
			files = (
			);
			runOnlyForDeploymentPostprocessing = 0;
		};
		E3B75F002BABB32500E6C42B /* Frameworks */ = {
			isa = PBXFrameworksBuildPhase;
			buildActionMask = 2147483647;
			files = (
			);
			runOnlyForDeploymentPostprocessing = 0;
		};
/* End PBXFrameworksBuildPhase section */

/* Begin PBXGroup section */
		E3B75EDA2BABB32400E6C42B = {
			isa = PBXGroup;
			children = (
				E3B75EE52BABB32400E6C42B /* helloWorld */,
				E3B75EFC2BABB32500E6C42B /* helloWorldTests */,
				E3B75F062BABB32500E6C42B /* helloWorldUITests */,
				E3B75EE42BABB32400E6C42B /* Products */,
			);
			sourceTree = "<group>";
		};
		E3B75EE42BABB32400E6C42B /* Products */ = {
			isa = PBXGroup;
			children = (
				E3B75EE32BABB32400E6C42B /* helloWorld.app */,
				E3B75EF92BABB32500E6C42B /* helloWorldTests.xctest */,
				E3B75F032BABB32500E6C42B /* helloWorldUITests.xctest */,
			);
			name = Products;
			sourceTree = "<group>";
		};
		E3B75EE52BABB32400E6C42B /* helloWorld */ = {
			isa = PBXGroup;
			children = (
				E3B75EE62BABB32400E6C42B /* AppDelegate.swift */,
				E3B75EE82BABB32400E6C42B /* SceneDelegate.swift */,
				E3B75EEA2BABB32400E6C42B /* ViewController.swift */,
				E3B75EEC2BABB32400E6C42B /* Main.storyboard */,
				E3B75EEF2BABB32500E6C42B /* Assets.xcassets */,
				E3B75EF12BABB32500E6C42B /* LaunchScreen.storyboard */,
				E3B75EF42BABB32500E6C42B /* Info.plist */,
			);
			path = helloWorld;
			sourceTree = "<group>";
		};
		E3B75EFC2BABB32500E6C42B /* helloWorldTests */ = {
			isa = PBXGroup;
			children = (
				E3B75EFD2BABB32500E6C42B /* helloWorldTests.swift */,
			);
			path = helloWorldTests;
			sourceTree = "<group>";
		};
		E3B75F062BABB32500E6C42B /* helloWorldUITests */ = {
			isa = PBXGroup;
			children = (
				E3B75F072BABB32500E6C42B /* helloWorldUITests.swift */,
				E3B75F092BABB32500E6C42B /* helloWorldUITestsLaunchTests.swift */,
			);
			path = helloWorldUITests;
			sourceTree = "<group>";
		};
/* End PBXGroup section */

/* Begin PBXNativeTarget section */
		E3B75EE22BABB32400E6C42B /* helloWorld */ = {
			isa = PBXNativeTarget;
			buildConfigurationList = E3B75F0D2BABB32500E6C42B /* Build configuration list for PBXNativeTarget "helloWorld" */;
			buildPhases = (
				E3B75EDF2BABB32400E6C42B /* Sources */,
				E3B75EE02BABB32400E6C42B /* Frameworks */,
				E3B75EE12BABB32400E6C42B /* Resources */,
			);
			buildRules = (
			);
			dependencies = (
			);
			name = helloWorld;
			productName = helloWorld;
			productReference = E3B75EE32BABB32400E6C42B /* helloWorld.app */;
			productType = "com.apple.product-type.application";
		};
		E3B75EF82BABB32500E6C42B /* helloWorldTests */ = {
			isa = PBXNativeTarget;
			buildConfigurationList = E3B75F102BABB32500E6C42B /* Build configuration list for PBXNativeTarget "helloWorldTests" */;
			buildPhases = (
				E3B75EF52BABB32500E6C42B /* Sources */,
				E3B75EF62BABB32500E6C42B /* Frameworks */,
				E3B75EF72BABB32500E6C42B /* Resources */,
			);
			buildRules = (
			);
			dependencies = (
				E3B75EFB2BABB32500E6C42B /* PBXTargetDependency */,
			);
			name = helloWorldTests;
			productName = helloWorldTests;
			productReference = E3B75EF92BABB32500E6C42B /* helloWorldTests.xctest */;
			productType = "com.apple.product-type.bundle.unit-test";
		};
		E3B75F022BABB32500E6C42B /* helloWorldUITests */ = {
			isa = PBXNativeTarget;
			buildConfigurationList = E3B75F132BABB32500E6C42B /* Build configuration list for PBXNativeTarget "helloWorldUITests" */;
			buildPhases = (
				E3B75EFF2BABB32500E6C42B /* Sources */,
				E3B75F002BABB32500E6C42B /* Frameworks */,
				E3B75F012BABB32500E6C42B /* Resources */,
			);
			buildRules = (
			);
			dependencies = (
				E3B75F052BABB32500E6C42B /* PBXTargetDependency */,
			);
			name = helloWorldUITests;
			productName = helloWorldUITests;
			productReference = E3B75F032BABB32500E6C42B /* helloWorldUITests.xctest */;
			productType = "com.apple.product-type.bundle.ui-testing";
		};
/* End PBXNativeTarget section */

/* Begin PBXProject section */
		E3B75EDB2BABB32400E6C42B /* Project object */ = {
			isa = PBXProject;
			attributes = {
				BuildIndependentTargetsInParallel = 1;
				LastSwiftUpdateCheck = 1530;
				LastUpgradeCheck = 1530;
				TargetAttributes = {
					E3B75EE22BABB32400E6C42B = {
						CreatedOnToolsVersion = 15.3;
					};
					E3B75EF82BABB32500E6C42B = {
						CreatedOnToolsVersion = 15.3;
						TestTargetID = E3B75EE22BABB32400E6C42B;
					};
					E3B75F022BABB32500E6C42B = {
						CreatedOnToolsVersion = 15.3;
						TestTargetID = E3B75EE22BABB32400E6C42B;
					};
				};
			};
			buildConfigurationList = E3B75EDE2BABB32400E6C42B /* Build configuration list for PBXProject "helloWorld" */;
			compatibilityVersion = "Xcode 14.0";
			developmentRegion = en;
			hasScannedForEncodings = 0;
			knownRegions = (
				en,
				Base,
			);
			mainGroup = E3B75EDA2BABB32400E6C42B;
			productRefGroup = E3B75EE42BABB32400E6C42B /* Products */;
			projectDirPath = "";
			projectRoot = "";
			targets = (
				E3B75EE22BABB32400E6C42B /* helloWorld */,
				E3B75EF82BABB32500E6C42B /* helloWorldTests */,
				E3B75F022BABB32500E6C42B /* helloWorldUITests */,
			);
		};
/* End PBXProject section */

/* Begin PBXResourcesBuildPhase section */
		E3B75EE12BABB32400E6C42B /* Resources */ = {
			isa = PBXResourcesBuildPhase;
			buildActionMask = 2147483647;
			files = (
				E3B75EF02BABB32500E6C42B /* Assets.xcassets in Resources */,
				E3B75EF32BABB32500E6C42B /* Base in Resources */,
				E3B75EEE2BABB32400E6C42B /* Base in Resources */,
			);
			runOnlyForDeploymentPostprocessing = 0;
		};
		E3B75EF72BABB32500E6C42B /* Resources */ = {
			isa = PBXResourcesBuildPhase;
			buildActionMask = 2147483647;
			files = (
			);
			runOnlyForDeploymentPostprocessing = 0;
		};
		E3B75F012BABB32500E6C42B /* Resources */ = {
			isa = PBXResourcesBuildPhase;
			buildActionMask = 2147483647;
			files = (
			);
			runOnlyForDeploymentPostprocessing = 0;
		};
/* End PBXResourcesBuildPhase section */

/* Begin PBXSourcesBuildPhase section */
		E3B75EDF2BABB32400E6C42B /* Sources */ = {
			isa = PBXSourcesBuildPhase;
			buildActionMask = 2147483647;
			files = (
				E3B75EEB2BABB32400E6C42B /* ViewController.swift in Sources */,
				E3B75EE72BABB32400E6C42B /* AppDelegate.swift in Sources */,
				E3B75EE92BABB32400E6C42B /* SceneDelegate.swift in Sources */,
			);
			runOnlyForDeploymentPostprocessing = 0;
		};
		E3B75EF52BABB32500E6C42B /* Sources */ = {
			isa = PBXSourcesBuildPhase;
			buildActionMask = 2147483647;
			files = (
				E3B75EFE2BABB32500E6C42B /* helloWorldTests.swift in Sources */,
			);
			runOnlyForDeploymentPostprocessing = 0;
		};
		E3B75EFF2BABB32500E6C42B /* Sources */ = {
			isa = PBXSourcesBuildPhase;
			buildActionMask = 2147483647;
			files = (
				E3B75F0A2BABB32500E6C42B /* helloWorldUITestsLaunchTests.swift in Sources */,
				E3B75F082BABB32500E6C42B /* helloWorldUITests.swift in Sources */,
			);
			runOnlyForDeploymentPostprocessing = 0;
		};
/* End PBXSourcesBuildPhase section */

/* Begin PBXTargetDependency section */
		E3B75EFB2BABB32500E6C42B /* PBXTargetDependency */ = {
			isa = PBXTargetDependency;
			target = E3B75EE22BABB32400E6C42B /* helloWorld */;
			targetProxy = E3B75EFA2BABB32500E6C42B /* PBXContainerItemProxy */;
		};
		E3B75F052BABB32500E6C42B /* PBXTargetDependency */ = {
			isa = PBXTargetDependency;
			target = E3B75EE22BABB32400E6C42B /* helloWorld */;
			targetProxy = E3B75F042BABB32500E6C42B /* PBXContainerItemProxy */;
		};
/* End PBXTargetDependency section */

/* Begin PBXVariantGroup section */
		E3B75EEC2BABB32400E6C42B /* Main.storyboard */ = {
			isa = PBXVariantGroup;
			children = (
				E3B75EED2BABB32400E6C42B /* Base */,
			);
			name = Main.storyboard;
			sourceTree = "<group>";
		};
		E3B75EF12BABB32500E6C42B /* LaunchScreen.storyboard */ = {
			isa = PBXVariantGroup;
			children = (
				E3B75EF22BABB32500E6C42B /* Base */,
			);
			name = LaunchScreen.storyboard;
			sourceTree = "<group>";
		};
/* End PBXVariantGroup section */

/* Begin XCBuildConfiguration section */
		E3B75F0B2BABB32500E6C42B /* Debug */ = {
			isa = XCBuildConfiguration;
			buildSettings = {
				ALWAYS_SEARCH_USER_PATHS = NO;
				ASSETCATALOG_COMPILER_GENERATE_SWIFT_ASSET_SYMBOL_EXTENSIONS = YES;
				CLANG_ANALYZER_NONNULL = YES;
				CLANG_ANALYZER_NUMBER_OBJECT_CONVERSION = YES_AGGRESSIVE;
				CLANG_CXX_LANGUAGE_STANDARD = "gnu++20";
				CLANG_ENABLE_MODULES = YES;
				CLANG_ENABLE_OBJC_ARC = YES;
				CLANG_ENABLE_OBJC_WEAK = YES;
				CLANG_WARN_BLOCK_CAPTURE_AUTORELEASING = YES;
				CLANG_WARN_BOOL_CONVERSION = YES;
				CLANG_WARN_COMMA = YES;
				CLANG_WARN_CONSTANT_CONVERSION = YES;
				CLANG_WARN_DEPRECATED_OBJC_IMPLEMENTATIONS = YES;
				CLANG_WARN_DIRECT_OBJC_ISA_USAGE = YES_ERROR;
				CLANG_WARN_DOCUMENTATION_COMMENTS = YES;
				CLANG_WARN_EMPTY_BODY = YES;
				CLANG_WARN_ENUM_CONVERSION = YES;
				CLANG_WARN_INFINITE_RECURSION = YES;
				CLANG_WARN_INT_CONVERSION = YES;
				CLANG_WARN_NON_LITERAL_NULL_CONVERSION = YES;
				CLANG_WARN_OBJC_IMPLICIT_RETAIN_SELF = YES;
				CLANG_WARN_OBJC_LITERAL_CONVERSION = YES;
				CLANG_WARN_OBJC_ROOT_CLASS = YES_ERROR;
				CLANG_WARN_QUOTED_INCLUDE_IN_FRAMEWORK_HEADER = YES;
				CLANG_WARN_RANGE_LOOP_ANALYSIS = YES;
				CLANG_WARN_STRICT_PROTOTYPES = YES;
				CLANG_WARN_SUSPICIOUS_MOVE = YES;
				CLANG_WARN_UNGUARDED_AVAILABILITY = YES_AGGRESSIVE;
				CLANG_WARN_UNREACHABLE_CODE = YES;
				CLANG_WARN__DUPLICATE_METHOD_MATCH = YES;
				COPY_PHASE_STRIP = NO;
				DEBUG_INFORMATION_FORMAT = dwarf;
				ENABLE_STRICT_OBJC_MSGSEND = YES;
				ENABLE_TESTABILITY = YES;
				ENABLE_USER_SCRIPT_SANDBOXING = YES;
				GCC_C_LANGUAGE_STANDARD = gnu17;
				GCC_DYNAMIC_NO_PIC = NO;
				GCC_NO_COMMON_BLOCKS = YES;
				GCC_OPTIMIZATION_LEVEL = 0;
				GCC_PREPROCESSOR_DEFINITIONS = (
					"DEBUG=1",
					"$(inherited)",
				);
				GCC_WARN_64_TO_32_BIT_CONVERSION = YES;
				GCC_WARN_ABOUT_RETURN_TYPE = YES_ERROR;
				GCC_WARN_UNDECLARED_SELECTOR = YES;
				GCC_WARN_UNINITIALIZED_AUTOS = YES_AGGRESSIVE;
				GCC_WARN_UNUSED_FUNCTION = YES;
				GCC_WARN_UNUSED_VARIABLE = YES;
				IPHONEOS_DEPLOYMENT_TARGET = 17.4;
				LOCALIZATION_PREFERS_STRING_CATALOGS = YES;
				MTL_ENABLE_DEBUG_INFO = INCLUDE_SOURCE;
				MTL_FAST_MATH = YES;
				ONLY_ACTIVE_ARCH = YES;
				SDKROOT = iphoneos;
				SWIFT_ACTIVE_COMPILATION_CONDITIONS = "DEBUG $(inherited)";
				SWIFT_OPTIMIZATION_LEVEL = "-Onone";
			};
			name = Debug;
		};
		E3B75F0C2BABB32500E6C42B /* Release */ = {
			isa = XCBuildConfiguration;
			buildSettings = {
				ALWAYS_SEARCH_USER_PATHS = NO;
				ASSETCATALOG_COMPILER_GENERATE_SWIFT_ASSET_SYMBOL_EXTENSIONS = YES;
				CLANG_ANALYZER_NONNULL = YES;
				CLANG_ANALYZER_NUMBER_OBJECT_CONVERSION = YES_AGGRESSIVE;
				CLANG_CXX_LANGUAGE_STANDARD = "gnu++20";
				CLANG_ENABLE_MODULES = YES;
				CLANG_ENABLE_OBJC_ARC = YES;
				CLANG_ENABLE_OBJC_WEAK = YES;
				CLANG_WARN_BLOCK_CAPTURE_AUTORELEASING = YES;
				CLANG_WARN_BOOL_CONVERSION = YES;
				CLANG_WARN_COMMA = YES;
				CLANG_WARN_CONSTANT_CONVERSION = YES;
				CLANG_WARN_DEPRECATED_OBJC_IMPLEMENTATIONS = YES;
				CLANG_WARN_DIRECT_OBJC_ISA_USAGE = YES_ERROR;
				CLANG_WARN_DOCUMENTATION_COMMENTS = YES;
				CLANG_WARN_EMPTY_BODY = YES;
				CLANG_WARN_ENUM_CONVERSION = YES;
				CLANG_WARN_INFINITE_RECURSION = YES;
				CLANG_WARN_INT_CONVERSION = YES;
				CLANG_WARN_NON_LITERAL_NULL_CONVERSION = YES;
				CLANG_WARN_OBJC_IMPLICIT_RETAIN_SELF = YES;
				CLANG_WARN_OBJC_LITERAL_CONVERSION = YES;
				CLANG_WARN_OBJC_ROOT_CLASS = YES_ERROR;
				CLANG_WARN_QUOTED_INCLUDE_IN_FRAMEWORK_HEADER = YES;
				CLANG_WARN_RANGE_LOOP_ANALYSIS = YES;
				CLANG_WARN_STRICT_PROTOTYPES = YES;
				CLANG_WARN_SUSPICIOUS_MOVE = YES;
				CLANG_WARN_UNGUARDED_AVAILABILITY = YES_AGGRESSIVE;
				CLANG_WARN_UNREACHABLE_CODE = YES;
				CLANG_WARN__DUPLICATE_METHOD_MATCH = YES;
				COPY_PHASE_STRIP = NO;
				DEBUG_INFORMATION_FORMAT = "dwarf-with-dsym";
				ENABLE_NS_ASSERTIONS = NO;
				ENABLE_STRICT_OBJC_MSGSEND = YES;
				ENABLE_USER_SCRIPT_SANDBOXING = YES;
				GCC_C_LANGUAGE_STANDARD = gnu17;
				GCC_NO_COMMON_BLOCKS = YES;
				GCC_WARN_64_TO_32_BIT_CONVERSION = YES;
				GCC_WARN_ABOUT_RETURN_TYPE = YES_ERROR;
				GCC_WARN_UNDECLARED_SELECTOR = YES;
				GCC_WARN_UNINITIALIZED_AUTOS = YES_AGGRESSIVE;
				GCC_WARN_UNUSED_FUNCTION = YES;
				GCC_WARN_UNUSED_VARIABLE = YES;
				IPHONEOS_DEPLOYMENT_TARGET = 17.4;
				LOCALIZATION_PREFERS_STRING_CATALOGS = YES;
				MTL_ENABLE_DEBUG_INFO = NO;
				MTL_FAST_MATH = YES;
				SDKROOT = iphoneos;
				SWIFT_COMPILATION_MODE = wholemodule;
				VALIDATE_PRODUCT = YES;
			};
			name = Release;
		};
		E3B75F0E2BABB32500E6C42B /* Debug */ = {
			isa = XCBuildConfiguration;
			buildSettings = {
				ASSETCATALOG_COMPILER_APPICON_NAME = AppIcon;
				ASSETCATALOG_COMPILER_GLOBAL_ACCENT_COLOR_NAME = AccentColor;
				CODE_SIGN_STYLE = Automatic;
				CURRENT_PROJECT_VERSION = 1;
				GENERATE_INFOPLIST_FILE = YES;
				INFOPLIST_FILE = helloWorld/Info.plist;
				INFOPLIST_KEY_UIApplicationSupportsIndirectInputEvents = YES;
				INFOPLIST_KEY_UILaunchStoryboardName = LaunchScreen;
				INFOPLIST_KEY_UIMainStoryboardFile = Main;
				INFOPLIST_KEY_UISupportedInterfaceOrientations_iPad = "UIInterfaceOrientationPortrait UIInterfaceOrientationPortraitUpsideDown UIInterfaceOrientationLandscapeLeft UIInterfaceOrientationLandscapeRight";
				INFOPLIST_KEY_UISupportedInterfaceOrientations_iPhone = "UIInterfaceOrientationPortrait UIInterfaceOrientationLandscapeLeft UIInterfaceOrientationLandscapeRight";
				LD_RUNPATH_SEARCH_PATHS = (
					"$(inherited)",
					"@executable_path/Frameworks",
				);
				MARKETING_VERSION = 1.0;
				PRODUCT_BUNDLE_IDENTIFIER = DH.helloWorld;
				PRODUCT_NAME = "$(TARGET_NAME)";
				SWIFT_EMIT_LOC_STRINGS = YES;
				SWIFT_VERSION = 5.0;
				TARGETED_DEVICE_FAMILY = "1,2";
			};
			name = Debug;
		};
		E3B75F0F2BABB32500E6C42B /* Release */ = {
			isa = XCBuildConfiguration;
			buildSettings = {
				ASSETCATALOG_COMPILER_APPICON_NAME = AppIcon;
				ASSETCATALOG_COMPILER_GLOBAL_ACCENT_COLOR_NAME = AccentColor;
				CODE_SIGN_STYLE = Automatic;
				CURRENT_PROJECT_VERSION = 1;
				GENERATE_INFOPLIST_FILE = YES;
				INFOPLIST_FILE = helloWorld/Info.plist;
				INFOPLIST_KEY_UIApplicationSupportsIndirectInputEvents = YES;
				INFOPLIST_KEY_UILaunchStoryboardName = LaunchScreen;
				INFOPLIST_KEY_UIMainStoryboardFile = Main;
				INFOPLIST_KEY_UISupportedInterfaceOrientations_iPad = "UIInterfaceOrientationPortrait UIInterfaceOrientationPortraitUpsideDown UIInterfaceOrientationLandscapeLeft UIInterfaceOrientationLandscapeRight";
				INFOPLIST_KEY_UISupportedInterfaceOrientations_iPhone = "UIInterfaceOrientationPortrait UIInterfaceOrientationLandscapeLeft UIInterfaceOrientationLandscapeRight";
				LD_RUNPATH_SEARCH_PATHS = (
					"$(inherited)",
					"@executable_path/Frameworks",
				);
				MARKETING_VERSION = 1.0;
				PRODUCT_BUNDLE_IDENTIFIER = DH.helloWorld;
				PRODUCT_NAME = "$(TARGET_NAME)";
				SWIFT_EMIT_LOC_STRINGS = YES;
				SWIFT_VERSION = 5.0;
				TARGETED_DEVICE_FAMILY = "1,2";
			};
			name = Release;
		};
		E3B75F112BABB32500E6C42B /* Debug */ = {
			isa = XCBuildConfiguration;
			buildSettings = {
				ALWAYS_EMBED_SWIFT_STANDARD_LIBRARIES = YES;
				BUNDLE_LOADER = "$(TEST_HOST)";
				CODE_SIGN_STYLE = Automatic;
				CURRENT_PROJECT_VERSION = 1;
				GENERATE_INFOPLIST_FILE = YES;
				IPHONEOS_DEPLOYMENT_TARGET = 17.4;
				MARKETING_VERSION = 1.0;
				PRODUCT_BUNDLE_IDENTIFIER = DH.helloWorldTests;
				PRODUCT_NAME = "$(TARGET_NAME)";
				SWIFT_EMIT_LOC_STRINGS = NO;
				SWIFT_VERSION = 5.0;
				TARGETED_DEVICE_FAMILY = "1,2";
				TEST_HOST = "$(BUILT_PRODUCTS_DIR)/helloWorld.app/$(BUNDLE_EXECUTABLE_FOLDER_PATH)/helloWorld";
			};
			name = Debug;
		};
		E3B75F122BABB32500E6C42B /* Release */ = {
			isa = XCBuildConfiguration;
			buildSettings = {
				ALWAYS_EMBED_SWIFT_STANDARD_LIBRARIES = YES;
				BUNDLE_LOADER = "$(TEST_HOST)";
				CODE_SIGN_STYLE = Automatic;
				CURRENT_PROJECT_VERSION = 1;
				GENERATE_INFOPLIST_FILE = YES;
				IPHONEOS_DEPLOYMENT_TARGET = 17.4;
				MARKETING_VERSION = 1.0;
				PRODUCT_BUNDLE_IDENTIFIER = DH.helloWorldTests;
				PRODUCT_NAME = "$(TARGET_NAME)";
				SWIFT_EMIT_LOC_STRINGS = NO;
				SWIFT_VERSION = 5.0;
				TARGETED_DEVICE_FAMILY = "1,2";
				TEST_HOST = "$(BUILT_PRODUCTS_DIR)/helloWorld.app/$(BUNDLE_EXECUTABLE_FOLDER_PATH)/helloWorld";
			};
			name = Release;
		};
		E3B75F142BABB32500E6C42B /* Debug */ = {
			isa = XCBuildConfiguration;
			buildSettings = {
				ALWAYS_EMBED_SWIFT_STANDARD_LIBRARIES = YES;
				CODE_SIGN_STYLE = Automatic;
				CURRENT_PROJECT_VERSION = 1;
				GENERATE_INFOPLIST_FILE = YES;
				MARKETING_VERSION = 1.0;
				PRODUCT_BUNDLE_IDENTIFIER = DH.helloWorldUITests;
				PRODUCT_NAME = "$(TARGET_NAME)";
				SWIFT_EMIT_LOC_STRINGS = NO;
				SWIFT_VERSION = 5.0;
				TARGETED_DEVICE_FAMILY = "1,2";
				TEST_TARGET_NAME = helloWorld;
			};
			name = Debug;
		};
		E3B75F152BABB32500E6C42B /* Release */ = {
			isa = XCBuildConfiguration;
			buildSettings = {
				ALWAYS_EMBED_SWIFT_STANDARD_LIBRARIES = YES;
				CODE_SIGN_STYLE = Automatic;
				CURRENT_PROJECT_VERSION = 1;
				GENERATE_INFOPLIST_FILE = YES;
				MARKETING_VERSION = 1.0;
				PRODUCT_BUNDLE_IDENTIFIER = DH.helloWorldUITests;
				PRODUCT_NAME = "$(TARGET_NAME)";
				SWIFT_EMIT_LOC_STRINGS = NO;
				SWIFT_VERSION = 5.0;
				TARGETED_DEVICE_FAMILY = "1,2";
				TEST_TARGET_NAME = helloWorld;
			};
			name = Release;
		};
/* End XCBuildConfiguration section */

/* Begin XCConfigurationList section */
		E3B75EDE2BABB32400E6C42B /* Build configuration list for PBXProject "helloWorld" */ = {
			isa = XCConfigurationList;
			buildConfigurations = (
				E3B75F0B2BABB32500E6C42B /* Debug */,
				E3B75F0C2BABB32500E6C42B /* Release */,
			);
			defaultConfigurationIsVisible = 0;
			defaultConfigurationName = Release;
		};
		E3B75F0D2BABB32500E6C42B /* Build configuration list for PBXNativeTarget "helloWorld" */ = {
			isa = XCConfigurationList;
			buildConfigurations = (
				E3B75F0E2BABB32500E6C42B /* Debug */,
				E3B75F0F2BABB32500E6C42B /* Release */,
			);
			defaultConfigurationIsVisible = 0;
			defaultConfigurationName = Release;
		};
		E3B75F102BABB32500E6C42B /* Build configuration list for PBXNativeTarget "helloWorldTests" */ = {
			isa = XCConfigurationList;
			buildConfigurations = (
				E3B75F112BABB32500E6C42B /* Debug */,
				E3B75F122BABB32500E6C42B /* Release */,
			);
			defaultConfigurationIsVisible = 0;
			defaultConfigurationName = Release;
		};
		E3B75F132BABB32500E6C42B /* Build configuration list for PBXNativeTarget "helloWorldUITests" */ = {
			isa = XCConfigurationList;
			buildConfigurations = (
				E3B75F142BABB32500E6C42B /* Debug */,
				E3B75F152BABB32500E6C42B /* Release */,
			);
			defaultConfigurationIsVisible = 0;
			defaultConfigurationName = Release;
		};
/* End XCConfigurationList section */
	};
	rootObject = E3B75EDB2BABB32400E6C42B /* Project object */;
}
