// !$*UTF8*$!
{
	archiveVersion = 1;
	classes = {
	};
	objectVersion = 56;
	objects = {

/* Begin PBXBuildFile section */
		E380079A2BD09B6600B6F93D /* AppDelegate.swift in Sources */ = {isa = PBXBuildFile; fileRef = E38007992BD09B6600B6F93D /* AppDelegate.swift */; };
		E380079C2BD09B6600B6F93D /* SceneDelegate.swift in Sources */ = {isa = PBXBuildFile; fileRef = E380079B2BD09B6600B6F93D /* SceneDelegate.swift */; };
		E380079E2BD09B6600B6F93D /* ViewController.swift in Sources */ = {isa = PBXBuildFile; fileRef = E380079D2BD09B6600B6F93D /* ViewController.swift */; };
		E38007A12BD09B6600B6F93D /* Base in Resources */ = {isa = PBXBuildFile; fileRef = E38007A02BD09B6600B6F93D /* Base */; };
		E38007A32BD09B6700B6F93D /* Assets.xcassets in Resources */ = {isa = PBXBuildFile; fileRef = E38007A22BD09B6700B6F93D /* Assets.xcassets */; };
		E38007A62BD09B6700B6F93D /* Base in Resources */ = {isa = PBXBuildFile; fileRef = E38007A52BD09B6700B6F93D /* Base */; };
		E38007B12BD09B6700B6F93D /* AlertTests.swift in Sources */ = {isa = PBXBuildFile; fileRef = E38007B02BD09B6700B6F93D /* AlertTests.swift */; };
		E38007BB2BD09B6700B6F93D /* AlertUITests.swift in Sources */ = {isa = PBXBuildFile; fileRef = E38007BA2BD09B6700B6F93D /* AlertUITests.swift */; };
		E38007BD2BD09B6700B6F93D /* AlertUITestsLaunchTests.swift in Sources */ = {isa = PBXBuildFile; fileRef = E38007BC2BD09B6700B6F93D /* AlertUITestsLaunchTests.swift */; };
		E38007CC2BD09E3D00B6F93D /* lamp-off.png in Resources */ = {isa = PBXBuildFile; fileRef = E38007C92BD09E3D00B6F93D /* lamp-off.png */; };
		E38007CD2BD09E3D00B6F93D /* lamp-on.png in Resources */ = {isa = PBXBuildFile; fileRef = E38007CA2BD09E3D00B6F93D /* lamp-on.png */; };
		E38007CE2BD09E3D00B6F93D /* lamp-remove.png in Resources */ = {isa = PBXBuildFile; fileRef = E38007CB2BD09E3D00B6F93D /* lamp-remove.png */; };
/* End PBXBuildFile section */

/* Begin PBXContainerItemProxy section */
		E38007AD2BD09B6700B6F93D /* PBXContainerItemProxy */ = {
			isa = PBXContainerItemProxy;
			containerPortal = E380078E2BD09B6600B6F93D /* Project object */;
			proxyType = 1;
			remoteGlobalIDString = E38007952BD09B6600B6F93D;
			remoteInfo = Alert;
		};
		E38007B72BD09B6700B6F93D /* PBXContainerItemProxy */ = {
			isa = PBXContainerItemProxy;
			containerPortal = E380078E2BD09B6600B6F93D /* Project object */;
			proxyType = 1;
			remoteGlobalIDString = E38007952BD09B6600B6F93D;
			remoteInfo = Alert;
		};
/* End PBXContainerItemProxy section */

/* Begin PBXFileReference section */
		E38007962BD09B6600B6F93D /* Alert.app */ = {isa = PBXFileReference; explicitFileType = wrapper.application; includeInIndex = 0; path = Alert.app; sourceTree = BUILT_PRODUCTS_DIR; };
		E38007992BD09B6600B6F93D /* AppDelegate.swift */ = {isa = PBXFileReference; lastKnownFileType = sourcecode.swift; path = AppDelegate.swift; sourceTree = "<group>"; };
		E380079B2BD09B6600B6F93D /* SceneDelegate.swift */ = {isa = PBXFileReference; lastKnownFileType = sourcecode.swift; path = SceneDelegate.swift; sourceTree = "<group>"; };
		E380079D2BD09B6600B6F93D /* ViewController.swift */ = {isa = PBXFileReference; lastKnownFileType = sourcecode.swift; path = ViewController.swift; sourceTree = "<group>"; };
		E38007A02BD09B6600B6F93D /* Base */ = {isa = PBXFileReference; lastKnownFileType = file.storyboard; name = Base; path = Base.lproj/Main.storyboard; sourceTree = "<group>"; };
		E38007A22BD09B6700B6F93D /* Assets.xcassets */ = {isa = PBXFileReference; lastKnownFileType = folder.assetcatalog; path = Assets.xcassets; sourceTree = "<group>"; };
		E38007A52BD09B6700B6F93D /* Base */ = {isa = PBXFileReference; lastKnownFileType = file.storyboard; name = Base; path = Base.lproj/LaunchScreen.storyboard; sourceTree = "<group>"; };
		E38007A72BD09B6700B6F93D /* Info.plist */ = {isa = PBXFileReference; lastKnownFileType = text.plist.xml; path = Info.plist; sourceTree = "<group>"; };
		E38007AC2BD09B6700B6F93D /* AlertTests.xctest */ = {isa = PBXFileReference; explicitFileType = wrapper.cfbundle; includeInIndex = 0; path = AlertTests.xctest; sourceTree = BUILT_PRODUCTS_DIR; };
		E38007B02BD09B6700B6F93D /* AlertTests.swift */ = {isa = PBXFileReference; lastKnownFileType = sourcecode.swift; path = AlertTests.swift; sourceTree = "<group>"; };
		E38007B62BD09B6700B6F93D /* AlertUITests.xctest */ = {isa = PBXFileReference; explicitFileType = wrapper.cfbundle; includeInIndex = 0; path = AlertUITests.xctest; sourceTree = BUILT_PRODUCTS_DIR; };
		E38007BA2BD09B6700B6F93D /* AlertUITests.swift */ = {isa = PBXFileReference; lastKnownFileType = sourcecode.swift; path = AlertUITests.swift; sourceTree = "<group>"; };
		E38007BC2BD09B6700B6F93D /* AlertUITestsLaunchTests.swift */ = {isa = PBXFileReference; lastKnownFileType = sourcecode.swift; path = AlertUITestsLaunchTests.swift; sourceTree = "<group>"; };
		E38007C92BD09E3D00B6F93D /* lamp-off.png */ = {isa = PBXFileReference; lastKnownFileType = image.png; path = "lamp-off.png"; sourceTree = "<group>"; };
		E38007CA2BD09E3D00B6F93D /* lamp-on.png */ = {isa = PBXFileReference; lastKnownFileType = image.png; path = "lamp-on.png"; sourceTree = "<group>"; };
		E38007CB2BD09E3D00B6F93D /* lamp-remove.png */ = {isa = PBXFileReference; lastKnownFileType = image.png; path = "lamp-remove.png"; sourceTree = "<group>"; };
/* End PBXFileReference section */

/* Begin PBXFrameworksBuildPhase section */
		E38007932BD09B6600B6F93D /* Frameworks */ = {
			isa = PBXFrameworksBuildPhase;
			buildActionMask = 2147483647;
			files = (
			);
			runOnlyForDeploymentPostprocessing = 0;
		};
		E38007A92BD09B6700B6F93D /* Frameworks */ = {
			isa = PBXFrameworksBuildPhase;
			buildActionMask = 2147483647;
			files = (
			);
			runOnlyForDeploymentPostprocessing = 0;
		};
		E38007B32BD09B6700B6F93D /* Frameworks */ = {
			isa = PBXFrameworksBuildPhase;
			buildActionMask = 2147483647;
			files = (
			);
			runOnlyForDeploymentPostprocessing = 0;
		};
/* End PBXFrameworksBuildPhase section */

/* Begin PBXGroup section */
		E380078D2BD09B6600B6F93D = {
			isa = PBXGroup;
			children = (
				E38007982BD09B6600B6F93D /* Alert */,
				E38007AF2BD09B6700B6F93D /* AlertTests */,
				E38007B92BD09B6700B6F93D /* AlertUITests */,
				E38007972BD09B6600B6F93D /* Products */,
			);
			sourceTree = "<group>";
		};
		E38007972BD09B6600B6F93D /* Products */ = {
			isa = PBXGroup;
			children = (
				E38007962BD09B6600B6F93D /* Alert.app */,
				E38007AC2BD09B6700B6F93D /* AlertTests.xctest */,
				E38007B62BD09B6700B6F93D /* AlertUITests.xctest */,
			);
			name = Products;
			sourceTree = "<group>";
		};
		E38007982BD09B6600B6F93D /* Alert */ = {
			isa = PBXGroup;
			children = (
				E38007C92BD09E3D00B6F93D /* lamp-off.png */,
				E38007CA2BD09E3D00B6F93D /* lamp-on.png */,
				E38007CB2BD09E3D00B6F93D /* lamp-remove.png */,
				E38007992BD09B6600B6F93D /* AppDelegate.swift */,
				E380079B2BD09B6600B6F93D /* SceneDelegate.swift */,
				E380079D2BD09B6600B6F93D /* ViewController.swift */,
				E380079F2BD09B6600B6F93D /* Main.storyboard */,
				E38007A22BD09B6700B6F93D /* Assets.xcassets */,
				E38007A42BD09B6700B6F93D /* LaunchScreen.storyboard */,
				E38007A72BD09B6700B6F93D /* Info.plist */,
			);
			path = Alert;
			sourceTree = "<group>";
		};
		E38007AF2BD09B6700B6F93D /* AlertTests */ = {
			isa = PBXGroup;
			children = (
				E38007B02BD09B6700B6F93D /* AlertTests.swift */,
			);
			path = AlertTests;
			sourceTree = "<group>";
		};
		E38007B92BD09B6700B6F93D /* AlertUITests */ = {
			isa = PBXGroup;
			children = (
				E38007BA2BD09B6700B6F93D /* AlertUITests.swift */,
				E38007BC2BD09B6700B6F93D /* AlertUITestsLaunchTests.swift */,
			);
			path = AlertUITests;
			sourceTree = "<group>";
		};
/* End PBXGroup section */

/* Begin PBXNativeTarget section */
		E38007952BD09B6600B6F93D /* Alert */ = {
			isa = PBXNativeTarget;
			buildConfigurationList = E38007C02BD09B6700B6F93D /* Build configuration list for PBXNativeTarget "Alert" */;
			buildPhases = (
				E38007922BD09B6600B6F93D /* Sources */,
				E38007932BD09B6600B6F93D /* Frameworks */,
				E38007942BD09B6600B6F93D /* Resources */,
			);
			buildRules = (
			);
			dependencies = (
			);
			name = Alert;
			productName = Alert;
			productReference = E38007962BD09B6600B6F93D /* Alert.app */;
			productType = "com.apple.product-type.application";
		};
		E38007AB2BD09B6700B6F93D /* AlertTests */ = {
			isa = PBXNativeTarget;
			buildConfigurationList = E38007C32BD09B6700B6F93D /* Build configuration list for PBXNativeTarget "AlertTests" */;
			buildPhases = (
				E38007A82BD09B6700B6F93D /* Sources */,
				E38007A92BD09B6700B6F93D /* Frameworks */,
				E38007AA2BD09B6700B6F93D /* Resources */,
			);
			buildRules = (
			);
			dependencies = (
				E38007AE2BD09B6700B6F93D /* PBXTargetDependency */,
			);
			name = AlertTests;
			productName = AlertTests;
			productReference = E38007AC2BD09B6700B6F93D /* AlertTests.xctest */;
			productType = "com.apple.product-type.bundle.unit-test";
		};
		E38007B52BD09B6700B6F93D /* AlertUITests */ = {
			isa = PBXNativeTarget;
			buildConfigurationList = E38007C62BD09B6700B6F93D /* Build configuration list for PBXNativeTarget "AlertUITests" */;
			buildPhases = (
				E38007B22BD09B6700B6F93D /* Sources */,
				E38007B32BD09B6700B6F93D /* Frameworks */,
				E38007B42BD09B6700B6F93D /* Resources */,
			);
			buildRules = (
			);
			dependencies = (
				E38007B82BD09B6700B6F93D /* PBXTargetDependency */,
			);
			name = AlertUITests;
			productName = AlertUITests;
			productReference = E38007B62BD09B6700B6F93D /* AlertUITests.xctest */;
			productType = "com.apple.product-type.bundle.ui-testing";
		};
/* End PBXNativeTarget section */

/* Begin PBXProject section */
		E380078E2BD09B6600B6F93D /* Project object */ = {
			isa = PBXProject;
			attributes = {
				BuildIndependentTargetsInParallel = 1;
				LastSwiftUpdateCheck = 1530;
				LastUpgradeCheck = 1530;
				TargetAttributes = {
					E38007952BD09B6600B6F93D = {
						CreatedOnToolsVersion = 15.3;
					};
					E38007AB2BD09B6700B6F93D = {
						CreatedOnToolsVersion = 15.3;
						TestTargetID = E38007952BD09B6600B6F93D;
					};
					E38007B52BD09B6700B6F93D = {
						CreatedOnToolsVersion = 15.3;
						TestTargetID = E38007952BD09B6600B6F93D;
					};
				};
			};
			buildConfigurationList = E38007912BD09B6600B6F93D /* Build configuration list for PBXProject "Alert" */;
			compatibilityVersion = "Xcode 14.0";
			developmentRegion = en;
			hasScannedForEncodings = 0;
			knownRegions = (
				en,
				Base,
			);
			mainGroup = E380078D2BD09B6600B6F93D;
			productRefGroup = E38007972BD09B6600B6F93D /* Products */;
			projectDirPath = "";
			projectRoot = "";
			targets = (
				E38007952BD09B6600B6F93D /* Alert */,
				E38007AB2BD09B6700B6F93D /* AlertTests */,
				E38007B52BD09B6700B6F93D /* AlertUITests */,
			);
		};
/* End PBXProject section */

/* Begin PBXResourcesBuildPhase section */
		E38007942BD09B6600B6F93D /* Resources */ = {
			isa = PBXResourcesBuildPhase;
			buildActionMask = 2147483647;
			files = (
				E38007A32BD09B6700B6F93D /* Assets.xcassets in Resources */,
				E38007CE2BD09E3D00B6F93D /* lamp-remove.png in Resources */,
				E38007CC2BD09E3D00B6F93D /* lamp-off.png in Resources */,
				E38007A62BD09B6700B6F93D /* Base in Resources */,
				E38007A12BD09B6600B6F93D /* Base in Resources */,
				E38007CD2BD09E3D00B6F93D /* lamp-on.png in Resources */,
			);
			runOnlyForDeploymentPostprocessing = 0;
		};
		E38007AA2BD09B6700B6F93D /* Resources */ = {
			isa = PBXResourcesBuildPhase;
			buildActionMask = 2147483647;
			files = (
			);
			runOnlyForDeploymentPostprocessing = 0;
		};
		E38007B42BD09B6700B6F93D /* Resources */ = {
			isa = PBXResourcesBuildPhase;
			buildActionMask = 2147483647;
			files = (
			);
			runOnlyForDeploymentPostprocessing = 0;
		};
/* End PBXResourcesBuildPhase section */

/* Begin PBXSourcesBuildPhase section */
		E38007922BD09B6600B6F93D /* Sources */ = {
			isa = PBXSourcesBuildPhase;
			buildActionMask = 2147483647;
			files = (
				E380079E2BD09B6600B6F93D /* ViewController.swift in Sources */,
				E380079A2BD09B6600B6F93D /* AppDelegate.swift in Sources */,
				E380079C2BD09B6600B6F93D /* SceneDelegate.swift in Sources */,
			);
			runOnlyForDeploymentPostprocessing = 0;
		};
		E38007A82BD09B6700B6F93D /* Sources */ = {
			isa = PBXSourcesBuildPhase;
			buildActionMask = 2147483647;
			files = (
				E38007B12BD09B6700B6F93D /* AlertTests.swift in Sources */,
			);
			runOnlyForDeploymentPostprocessing = 0;
		};
		E38007B22BD09B6700B6F93D /* Sources */ = {
			isa = PBXSourcesBuildPhase;
			buildActionMask = 2147483647;
			files = (
				E38007BB2BD09B6700B6F93D /* AlertUITests.swift in Sources */,
				E38007BD2BD09B6700B6F93D /* AlertUITestsLaunchTests.swift in Sources */,
			);
			runOnlyForDeploymentPostprocessing = 0;
		};
/* End PBXSourcesBuildPhase section */

/* Begin PBXTargetDependency section */
		E38007AE2BD09B6700B6F93D /* PBXTargetDependency */ = {
			isa = PBXTargetDependency;
			target = E38007952BD09B6600B6F93D /* Alert */;
			targetProxy = E38007AD2BD09B6700B6F93D /* PBXContainerItemProxy */;
		};
		E38007B82BD09B6700B6F93D /* PBXTargetDependency */ = {
			isa = PBXTargetDependency;
			target = E38007952BD09B6600B6F93D /* Alert */;
			targetProxy = E38007B72BD09B6700B6F93D /* PBXContainerItemProxy */;
		};
/* End PBXTargetDependency section */

/* Begin PBXVariantGroup section */
		E380079F2BD09B6600B6F93D /* Main.storyboard */ = {
			isa = PBXVariantGroup;
			children = (
				E38007A02BD09B6600B6F93D /* Base */,
			);
			name = Main.storyboard;
			sourceTree = "<group>";
		};
		E38007A42BD09B6700B6F93D /* LaunchScreen.storyboard */ = {
			isa = PBXVariantGroup;
			children = (
				E38007A52BD09B6700B6F93D /* Base */,
			);
			name = LaunchScreen.storyboard;
			sourceTree = "<group>";
		};
/* End PBXVariantGroup section */

/* Begin XCBuildConfiguration section */
		E38007BE2BD09B6700B6F93D /* Debug */ = {
			isa = XCBuildConfiguration;
			buildSettings = {
				ALWAYS_SEARCH_USER_PATHS = NO;
				ASSETCATALOG_COMPILER_GENERATE_SWIFT_ASSET_SYMBOL_EXTENSIONS = YES;
				CLANG_ANALYZER_NONNULL = YES;
				CLANG_ANALYZER_NUMBER_OBJECT_CONVERSION = YES_AGGRESSIVE;
				CLANG_CXX_LANGUAGE_STANDARD = "gnu++20";
				CLANG_ENABLE_MODULES = YES;
				CLANG_ENABLE_OBJC_ARC = YES;
				CLANG_ENABLE_OBJC_WEAK = YES;
				CLANG_WARN_BLOCK_CAPTURE_AUTORELEASING = YES;
				CLANG_WARN_BOOL_CONVERSION = YES;
				CLANG_WARN_COMMA = YES;
				CLANG_WARN_CONSTANT_CONVERSION = YES;
				CLANG_WARN_DEPRECATED_OBJC_IMPLEMENTATIONS = YES;
				CLANG_WARN_DIRECT_OBJC_ISA_USAGE = YES_ERROR;
				CLANG_WARN_DOCUMENTATION_COMMENTS = YES;
				CLANG_WARN_EMPTY_BODY = YES;
				CLANG_WARN_ENUM_CONVERSION = YES;
				CLANG_WARN_INFINITE_RECURSION = YES;
				CLANG_WARN_INT_CONVERSION = YES;
				CLANG_WARN_NON_LITERAL_NULL_CONVERSION = YES;
				CLANG_WARN_OBJC_IMPLICIT_RETAIN_SELF = YES;
				CLANG_WARN_OBJC_LITERAL_CONVERSION = YES;
				CLANG_WARN_OBJC_ROOT_CLASS = YES_ERROR;
				CLANG_WARN_QUOTED_INCLUDE_IN_FRAMEWORK_HEADER = YES;
				CLANG_WARN_RANGE_LOOP_ANALYSIS = YES;
				CLANG_WARN_STRICT_PROTOTYPES = YES;
				CLANG_WARN_SUSPICIOUS_MOVE = YES;
				CLANG_WARN_UNGUARDED_AVAILABILITY = YES_AGGRESSIVE;
				CLANG_WARN_UNREACHABLE_CODE = YES;
				CLANG_WARN__DUPLICATE_METHOD_MATCH = YES;
				COPY_PHASE_STRIP = NO;
				DEBUG_INFORMATION_FORMAT = dwarf;
				ENABLE_STRICT_OBJC_MSGSEND = YES;
				ENABLE_TESTABILITY = YES;
				ENABLE_USER_SCRIPT_SANDBOXING = YES;
				GCC_C_LANGUAGE_STANDARD = gnu17;
				GCC_DYNAMIC_NO_PIC = NO;
				GCC_NO_COMMON_BLOCKS = YES;
				GCC_OPTIMIZATION_LEVEL = 0;
				GCC_PREPROCESSOR_DEFINITIONS = (
					"DEBUG=1",
					"$(inherited)",
				);
				GCC_WARN_64_TO_32_BIT_CONVERSION = YES;
				GCC_WARN_ABOUT_RETURN_TYPE = YES_ERROR;
				GCC_WARN_UNDECLARED_SELECTOR = YES;
				GCC_WARN_UNINITIALIZED_AUTOS = YES_AGGRESSIVE;
				GCC_WARN_UNUSED_FUNCTION = YES;
				GCC_WARN_UNUSED_VARIABLE = YES;
				IPHONEOS_DEPLOYMENT_TARGET = 17.4;
				LOCALIZATION_PREFERS_STRING_CATALOGS = YES;
				MTL_ENABLE_DEBUG_INFO = INCLUDE_SOURCE;
				MTL_FAST_MATH = YES;
				ONLY_ACTIVE_ARCH = YES;
				SDKROOT = iphoneos;
				SWIFT_ACTIVE_COMPILATION_CONDITIONS = "DEBUG $(inherited)";
				SWIFT_OPTIMIZATION_LEVEL = "-Onone";
			};
			name = Debug;
		};
		E38007BF2BD09B6700B6F93D /* Release */ = {
			isa = XCBuildConfiguration;
			buildSettings = {
				ALWAYS_SEARCH_USER_PATHS = NO;
				ASSETCATALOG_COMPILER_GENERATE_SWIFT_ASSET_SYMBOL_EXTENSIONS = YES;
				CLANG_ANALYZER_NONNULL = YES;
				CLANG_ANALYZER_NUMBER_OBJECT_CONVERSION = YES_AGGRESSIVE;
				CLANG_CXX_LANGUAGE_STANDARD = "gnu++20";
				CLANG_ENABLE_MODULES = YES;
				CLANG_ENABLE_OBJC_ARC = YES;
				CLANG_ENABLE_OBJC_WEAK = YES;
				CLANG_WARN_BLOCK_CAPTURE_AUTORELEASING = YES;
				CLANG_WARN_BOOL_CONVERSION = YES;
				CLANG_WARN_COMMA = YES;
				CLANG_WARN_CONSTANT_CONVERSION = YES;
				CLANG_WARN_DEPRECATED_OBJC_IMPLEMENTATIONS = YES;
				CLANG_WARN_DIRECT_OBJC_ISA_USAGE = YES_ERROR;
				CLANG_WARN_DOCUMENTATION_COMMENTS = YES;
				CLANG_WARN_EMPTY_BODY = YES;
				CLANG_WARN_ENUM_CONVERSION = YES;
				CLANG_WARN_INFINITE_RECURSION = YES;
				CLANG_WARN_INT_CONVERSION = YES;
				CLANG_WARN_NON_LITERAL_NULL_CONVERSION = YES;
				CLANG_WARN_OBJC_IMPLICIT_RETAIN_SELF = YES;
				CLANG_WARN_OBJC_LITERAL_CONVERSION = YES;
				CLANG_WARN_OBJC_ROOT_CLASS = YES_ERROR;
				CLANG_WARN_QUOTED_INCLUDE_IN_FRAMEWORK_HEADER = YES;
				CLANG_WARN_RANGE_LOOP_ANALYSIS = YES;
				CLANG_WARN_STRICT_PROTOTYPES = YES;
				CLANG_WARN_SUSPICIOUS_MOVE = YES;
				CLANG_WARN_UNGUARDED_AVAILABILITY = YES_AGGRESSIVE;
				CLANG_WARN_UNREACHABLE_CODE = YES;
				CLANG_WARN__DUPLICATE_METHOD_MATCH = YES;
				COPY_PHASE_STRIP = NO;
				DEBUG_INFORMATION_FORMAT = "dwarf-with-dsym";
				ENABLE_NS_ASSERTIONS = NO;
				ENABLE_STRICT_OBJC_MSGSEND = YES;
				ENABLE_USER_SCRIPT_SANDBOXING = YES;
				GCC_C_LANGUAGE_STANDARD = gnu17;
				GCC_NO_COMMON_BLOCKS = YES;
				GCC_WARN_64_TO_32_BIT_CONVERSION = YES;
				GCC_WARN_ABOUT_RETURN_TYPE = YES_ERROR;
				GCC_WARN_UNDECLARED_SELECTOR = YES;
				GCC_WARN_UNINITIALIZED_AUTOS = YES_AGGRESSIVE;
				GCC_WARN_UNUSED_FUNCTION = YES;
				GCC_WARN_UNUSED_VARIABLE = YES;
				IPHONEOS_DEPLOYMENT_TARGET = 17.4;
				LOCALIZATION_PREFERS_STRING_CATALOGS = YES;
				MTL_ENABLE_DEBUG_INFO = NO;
				MTL_FAST_MATH = YES;
				SDKROOT = iphoneos;
				SWIFT_COMPILATION_MODE = wholemodule;
				VALIDATE_PRODUCT = YES;
			};
			name = Release;
		};
		E38007C12BD09B6700B6F93D /* Debug */ = {
			isa = XCBuildConfiguration;
			buildSettings = {
				ASSETCATALOG_COMPILER_APPICON_NAME = AppIcon;
				ASSETCATALOG_COMPILER_GLOBAL_ACCENT_COLOR_NAME = AccentColor;
				CODE_SIGN_STYLE = Automatic;
				CURRENT_PROJECT_VERSION = 1;
				GENERATE_INFOPLIST_FILE = YES;
				INFOPLIST_FILE = Alert/Info.plist;
				INFOPLIST_KEY_UIApplicationSupportsIndirectInputEvents = YES;
				INFOPLIST_KEY_UILaunchStoryboardName = LaunchScreen;
				INFOPLIST_KEY_UIMainStoryboardFile = Main;
				INFOPLIST_KEY_UISupportedInterfaceOrientations_iPad = "UIInterfaceOrientationPortrait UIInterfaceOrientationPortraitUpsideDown UIInterfaceOrientationLandscapeLeft UIInterfaceOrientationLandscapeRight";
				INFOPLIST_KEY_UISupportedInterfaceOrientations_iPhone = "UIInterfaceOrientationPortrait UIInterfaceOrientationLandscapeLeft UIInterfaceOrientationLandscapeRight";
				LD_RUNPATH_SEARCH_PATHS = (
					"$(inherited)",
					"@executable_path/Frameworks",
				);
				MARKETING_VERSION = 1.0;
				PRODUCT_BUNDLE_IDENTIFIER = DH.Alert;
				PRODUCT_NAME = "$(TARGET_NAME)";
				SWIFT_EMIT_LOC_STRINGS = YES;
				SWIFT_VERSION = 5.0;
				TARGETED_DEVICE_FAMILY = "1,2";
			};
			name = Debug;
		};
		E38007C22BD09B6700B6F93D /* Release */ = {
			isa = XCBuildConfiguration;
			buildSettings = {
				ASSETCATALOG_COMPILER_APPICON_NAME = AppIcon;
				ASSETCATALOG_COMPILER_GLOBAL_ACCENT_COLOR_NAME = AccentColor;
				CODE_SIGN_STYLE = Automatic;
				CURRENT_PROJECT_VERSION = 1;
				GENERATE_INFOPLIST_FILE = YES;
				INFOPLIST_FILE = Alert/Info.plist;
				INFOPLIST_KEY_UIApplicationSupportsIndirectInputEvents = YES;
				INFOPLIST_KEY_UILaunchStoryboardName = LaunchScreen;
				INFOPLIST_KEY_UIMainStoryboardFile = Main;
				INFOPLIST_KEY_UISupportedInterfaceOrientations_iPad = "UIInterfaceOrientationPortrait UIInterfaceOrientationPortraitUpsideDown UIInterfaceOrientationLandscapeLeft UIInterfaceOrientationLandscapeRight";
				INFOPLIST_KEY_UISupportedInterfaceOrientations_iPhone = "UIInterfaceOrientationPortrait UIInterfaceOrientationLandscapeLeft UIInterfaceOrientationLandscapeRight";
				LD_RUNPATH_SEARCH_PATHS = (
					"$(inherited)",
					"@executable_path/Frameworks",
				);
				MARKETING_VERSION = 1.0;
				PRODUCT_BUNDLE_IDENTIFIER = DH.Alert;
				PRODUCT_NAME = "$(TARGET_NAME)";
				SWIFT_EMIT_LOC_STRINGS = YES;
				SWIFT_VERSION = 5.0;
				TARGETED_DEVICE_FAMILY = "1,2";
			};
			name = Release;
		};
		E38007C42BD09B6700B6F93D /* Debug */ = {
			isa = XCBuildConfiguration;
			buildSettings = {
				ALWAYS_EMBED_SWIFT_STANDARD_LIBRARIES = YES;
				BUNDLE_LOADER = "$(TEST_HOST)";
				CODE_SIGN_STYLE = Automatic;
				CURRENT_PROJECT_VERSION = 1;
				GENERATE_INFOPLIST_FILE = YES;
				IPHONEOS_DEPLOYMENT_TARGET = 17.4;
				MARKETING_VERSION = 1.0;
				PRODUCT_BUNDLE_IDENTIFIER = DH.AlertTests;
				PRODUCT_NAME = "$(TARGET_NAME)";
				SWIFT_EMIT_LOC_STRINGS = NO;
				SWIFT_VERSION = 5.0;
				TARGETED_DEVICE_FAMILY = "1,2";
				TEST_HOST = "$(BUILT_PRODUCTS_DIR)/Alert.app/$(BUNDLE_EXECUTABLE_FOLDER_PATH)/Alert";
			};
			name = Debug;
		};
		E38007C52BD09B6700B6F93D /* Release */ = {
			isa = XCBuildConfiguration;
			buildSettings = {
				ALWAYS_EMBED_SWIFT_STANDARD_LIBRARIES = YES;
				BUNDLE_LOADER = "$(TEST_HOST)";
				CODE_SIGN_STYLE = Automatic;
				CURRENT_PROJECT_VERSION = 1;
				GENERATE_INFOPLIST_FILE = YES;
				IPHONEOS_DEPLOYMENT_TARGET = 17.4;
				MARKETING_VERSION = 1.0;
				PRODUCT_BUNDLE_IDENTIFIER = DH.AlertTests;
				PRODUCT_NAME = "$(TARGET_NAME)";
				SWIFT_EMIT_LOC_STRINGS = NO;
				SWIFT_VERSION = 5.0;
				TARGETED_DEVICE_FAMILY = "1,2";
				TEST_HOST = "$(BUILT_PRODUCTS_DIR)/Alert.app/$(BUNDLE_EXECUTABLE_FOLDER_PATH)/Alert";
			};
			name = Release;
		};
		E38007C72BD09B6700B6F93D /* Debug */ = {
			isa = XCBuildConfiguration;
			buildSettings = {
				ALWAYS_EMBED_SWIFT_STANDARD_LIBRARIES = YES;
				CODE_SIGN_STYLE = Automatic;
				CURRENT_PROJECT_VERSION = 1;
				GENERATE_INFOPLIST_FILE = YES;
				MARKETING_VERSION = 1.0;
				PRODUCT_BUNDLE_IDENTIFIER = DH.AlertUITests;
				PRODUCT_NAME = "$(TARGET_NAME)";
				SWIFT_EMIT_LOC_STRINGS = NO;
				SWIFT_VERSION = 5.0;
				TARGETED_DEVICE_FAMILY = "1,2";
				TEST_TARGET_NAME = Alert;
			};
			name = Debug;
		};
		E38007C82BD09B6700B6F93D /* Release */ = {
			isa = XCBuildConfiguration;
			buildSettings = {
				ALWAYS_EMBED_SWIFT_STANDARD_LIBRARIES = YES;
				CODE_SIGN_STYLE = Automatic;
				CURRENT_PROJECT_VERSION = 1;
				GENERATE_INFOPLIST_FILE = YES;
				MARKETING_VERSION = 1.0;
				PRODUCT_BUNDLE_IDENTIFIER = DH.AlertUITests;
				PRODUCT_NAME = "$(TARGET_NAME)";
				SWIFT_EMIT_LOC_STRINGS = NO;
				SWIFT_VERSION = 5.0;
				TARGETED_DEVICE_FAMILY = "1,2";
				TEST_TARGET_NAME = Alert;
			};
			name = Release;
		};
/* End XCBuildConfiguration section */

/* Begin XCConfigurationList section */
		E38007912BD09B6600B6F93D /* Build configuration list for PBXProject "Alert" */ = {
			isa = XCConfigurationList;
			buildConfigurations = (
				E38007BE2BD09B6700B6F93D /* Debug */,
				E38007BF2BD09B6700B6F93D /* Release */,
			);
			defaultConfigurationIsVisible = 0;
			defaultConfigurationName = Release;
		};
		E38007C02BD09B6700B6F93D /* Build configuration list for PBXNativeTarget "Alert" */ = {
			isa = XCConfigurationList;
			buildConfigurations = (
				E38007C12BD09B6700B6F93D /* Debug */,
				E38007C22BD09B6700B6F93D /* Release */,
			);
			defaultConfigurationIsVisible = 0;
			defaultConfigurationName = Release;
		};
		E38007C32BD09B6700B6F93D /* Build configuration list for PBXNativeTarget "AlertTests" */ = {
			isa = XCConfigurationList;
			buildConfigurations = (
				E38007C42BD09B6700B6F93D /* Debug */,
				E38007C52BD09B6700B6F93D /* Release */,
			);
			defaultConfigurationIsVisible = 0;
			defaultConfigurationName = Release;
		};
		E38007C62BD09B6700B6F93D /* Build configuration list for PBXNativeTarget "AlertUITests" */ = {
			isa = XCConfigurationList;
			buildConfigurations = (
				E38007C72BD09B6700B6F93D /* Debug */,
				E38007C82BD09B6700B6F93D /* Release */,
			);
			defaultConfigurationIsVisible = 0;
			defaultConfigurationName = Release;
		};
/* End XCConfigurationList section */
	};
	rootObject = E380078E2BD09B6600B6F93D /* Project object */;
}
